// !$*UTF8*$!
{
	archiveVersion = 1;
	classes = {
	};
	objectVersion = 51;
	objects = {

/* Begin PBXBuildFile section */
		31842D7C1F71ACD5DAED93F8 /* Pods_JZStar.framework in Frameworks */ = {isa = PBXBuildFile; fileRef = 55197AD4B1F3C2713D78B3FF /* Pods_JZStar.framework */; };
		AB042C6324991839007F8641 /* DetailPositionVM.swift in Sources */ = {isa = PBXBuildFile; fileRef = AB042C6224991839007F8641 /* DetailPositionVM.swift */; };
		AB042C6624991974007F8641 /* DetailJobHeadCell.swift in Sources */ = {isa = PBXBuildFile; fileRef = AB042C6424991974007F8641 /* DetailJobHeadCell.swift */; };
		AB042C6724991974007F8641 /* DetailJobHeadCell.xib in Resources */ = {isa = PBXBuildFile; fileRef = AB042C6524991974007F8641 /* DetailJobHeadCell.xib */; };
		AB042C6A24991BF9007F8641 /* DetailJobContentCell.swift in Sources */ = {isa = PBXBuildFile; fileRef = AB042C6824991BF9007F8641 /* DetailJobContentCell.swift */; };
		AB042C6B24991BF9007F8641 /* DetailJobContentCell.xib in Resources */ = {isa = PBXBuildFile; fileRef = AB042C6924991BF9007F8641 /* DetailJobContentCell.xib */; };
		AB0C2D4E2496323800D9E378 /* SpaceCell.swift in Sources */ = {isa = PBXBuildFile; fileRef = AB0C2D4C2496323800D9E378 /* SpaceCell.swift */; };
		AB0C2D4F2496323800D9E378 /* SpaceCell.xib in Resources */ = {isa = PBXBuildFile; fileRef = AB0C2D4D2496323800D9E378 /* SpaceCell.xib */; };
		AB1E3C49249D9C83004089A8 /* LeftDialogueCell.swift in Sources */ = {isa = PBXBuildFile; fileRef = AB1E3C47249D9C83004089A8 /* LeftDialogueCell.swift */; };
		AB1E3C4A249D9C83004089A8 /* LeftDialogueCell.xib in Resources */ = {isa = PBXBuildFile; fileRef = AB1E3C48249D9C83004089A8 /* LeftDialogueCell.xib */; };
		AB1E3C4D249D9C9D004089A8 /* RightDialogueCell.swift in Sources */ = {isa = PBXBuildFile; fileRef = AB1E3C4B249D9C9D004089A8 /* RightDialogueCell.swift */; };
		AB1E3C4E249D9C9D004089A8 /* RightDialogueCell.xib in Resources */ = {isa = PBXBuildFile; fileRef = AB1E3C4C249D9C9D004089A8 /* RightDialogueCell.xib */; };
		AB28C68624A0E5CF00391A5A /* RecommendDeatailVC.swift in Sources */ = {isa = PBXBuildFile; fileRef = AB28C68424A0E5CF00391A5A /* RecommendDeatailVC.swift */; };
		AB28C68724A0E5CF00391A5A /* RecommendDeatailVC.xib in Resources */ = {isa = PBXBuildFile; fileRef = AB28C68524A0E5CF00391A5A /* RecommendDeatailVC.xib */; };
		AB3FE3FB249E30D2001966ED /* ImageCodeVerification.swift in Sources */ = {isa = PBXBuildFile; fileRef = AB3FE3FA249E30D2001966ED /* ImageCodeVerification.swift */; };
		AB3FE401249E3D98001966ED /* MTPopMenuTableViewCell.swift in Sources */ = {isa = PBXBuildFile; fileRef = AB3FE3FE249E3D98001966ED /* MTPopMenuTableViewCell.swift */; };
		AB3FE402249E3D98001966ED /* MTPopMenuModel.swift in Sources */ = {isa = PBXBuildFile; fileRef = AB3FE3FF249E3D98001966ED /* MTPopMenuModel.swift */; };
		AB3FE403249E3D98001966ED /* MTPopMenu.swift in Sources */ = {isa = PBXBuildFile; fileRef = AB3FE400249E3D98001966ED /* MTPopMenu.swift */; };
		AB5EA1982487F5FA009758B1 /* SelectDetailViewCell.swift in Sources */ = {isa = PBXBuildFile; fileRef = AB5EA1962487F5FA009758B1 /* SelectDetailViewCell.swift */; };
		AB5EA1992487F5FA009758B1 /* SelectDetailViewCell.xib in Resources */ = {isa = PBXBuildFile; fileRef = AB5EA1972487F5FA009758B1 /* SelectDetailViewCell.xib */; };
		AB5EA19C2487FA26009758B1 /* MerchantModel.swift in Sources */ = {isa = PBXBuildFile; fileRef = AB5EA19B2487FA26009758B1 /* MerchantModel.swift */; };
		AB805D8724B757C7009396D0 /* DetailTitleContentCell.swift in Sources */ = {isa = PBXBuildFile; fileRef = AB805D8524B757C7009396D0 /* DetailTitleContentCell.swift */; };
		AB805D8824B757C7009396D0 /* DetailTitleContentCell.xib in Resources */ = {isa = PBXBuildFile; fileRef = AB805D8624B757C7009396D0 /* DetailTitleContentCell.xib */; };
		AB9E51DB24892CED00BAF5AE /* DetailPositionVC.swift in Sources */ = {isa = PBXBuildFile; fileRef = AB9E51D924892CED00BAF5AE /* DetailPositionVC.swift */; };
		AB9E51DC24892CED00BAF5AE /* DetailPositionVC.xib in Resources */ = {isa = PBXBuildFile; fileRef = AB9E51DA24892CED00BAF5AE /* DetailPositionVC.xib */; };
		ABE3D186249CE6EE00D2B55E /* BHJPickerView.swift in Sources */ = {isa = PBXBuildFile; fileRef = ABE3D185249CE6EE00D2B55E /* BHJPickerView.swift */; };
		ABE3D189249D059500D2B55E /* MyServiceVC.swift in Sources */ = {isa = PBXBuildFile; fileRef = ABE3D187249D059500D2B55E /* MyServiceVC.swift */; };
		ABE3D18A249D059500D2B55E /* MyServiceVC.xib in Resources */ = {isa = PBXBuildFile; fileRef = ABE3D188249D059500D2B55E /* MyServiceVC.xib */; };
		ABE3D18C249D068500D2B55E /* ServiceVM.swift in Sources */ = {isa = PBXBuildFile; fileRef = ABE3D18B249D068500D2B55E /* ServiceVM.swift */; };
		ABE3D192249D8BE700D2B55E /* ServiceHeadCell.swift in Sources */ = {isa = PBXBuildFile; fileRef = ABE3D190249D8BE700D2B55E /* ServiceHeadCell.swift */; };
		ABE3D193249D8BE700D2B55E /* ServiceHeadCell.xib in Resources */ = {isa = PBXBuildFile; fileRef = ABE3D191249D8BE700D2B55E /* ServiceHeadCell.xib */; };
		ABF9B732249A3492007F9B05 /* RecommendProductModel.swift in Sources */ = {isa = PBXBuildFile; fileRef = ABF9B731249A3492007F9B05 /* RecommendProductModel.swift */; };
		ABF9B735249A41C4007F9B05 /* ImproveResumeCell.xib in Resources */ = {isa = PBXBuildFile; fileRef = ABF9B733249A41C4007F9B05 /* ImproveResumeCell.xib */; };
		ABF9B736249A41C4007F9B05 /* ImproveResumeCell.swift in Sources */ = {isa = PBXBuildFile; fileRef = ABF9B734249A41C4007F9B05 /* ImproveResumeCell.swift */; };
		ABF9B73A249A58A3007F9B05 /* MyJobVC.swift in Sources */ = {isa = PBXBuildFile; fileRef = ABF9B738249A58A3007F9B05 /* MyJobVC.swift */; };
		ABF9B73B249A58A3007F9B05 /* MyJobVC.xib in Resources */ = {isa = PBXBuildFile; fileRef = ABF9B739249A58A3007F9B05 /* MyJobVC.xib */; };
		ABF9B73E249A6640007F9B05 /* MyResumeVC.swift in Sources */ = {isa = PBXBuildFile; fileRef = ABF9B73C249A6640007F9B05 /* MyResumeVC.swift */; };
		ABF9B73F249A6640007F9B05 /* MyResumeVC.xib in Resources */ = {isa = PBXBuildFile; fileRef = ABF9B73D249A6640007F9B05 /* MyResumeVC.xib */; };
		ABF9B741249A66C3007F9B05 /* MyResumeVM.swift in Sources */ = {isa = PBXBuildFile; fileRef = ABF9B740249A66C3007F9B05 /* MyResumeVM.swift */; };
		ABF9B745249A6834007F9B05 /* MyResumeInputCell.swift in Sources */ = {isa = PBXBuildFile; fileRef = ABF9B743249A6834007F9B05 /* MyResumeInputCell.swift */; };
		ABF9B746249A6834007F9B05 /* MyResumeInputCell.xib in Resources */ = {isa = PBXBuildFile; fileRef = ABF9B744249A6834007F9B05 /* MyResumeInputCell.xib */; };
		ABF9B749249A6858007F9B05 /* MyResumePickUpCell.swift in Sources */ = {isa = PBXBuildFile; fileRef = ABF9B747249A6858007F9B05 /* MyResumePickUpCell.swift */; };
		ABF9B74A249A6858007F9B05 /* MyResumePickUpCell.xib in Resources */ = {isa = PBXBuildFile; fileRef = ABF9B748249A6858007F9B05 /* MyResumePickUpCell.xib */; };
		ABF9B74D249A712D007F9B05 /* MyResumeMoreInputCell.swift in Sources */ = {isa = PBXBuildFile; fileRef = ABF9B74B249A712D007F9B05 /* MyResumeMoreInputCell.swift */; };
		ABF9B74E249A712D007F9B05 /* MyResumeMoreInputCell.xib in Resources */ = {isa = PBXBuildFile; fileRef = ABF9B74C249A712D007F9B05 /* MyResumeMoreInputCell.xib */; };
		F6109E23249AF56900ED66F7 /* OpinionAndComplaintVC.swift in Sources */ = {isa = PBXBuildFile; fileRef = F6109E21249AF56900ED66F7 /* OpinionAndComplaintVC.swift */; };
		F6109E24249AF56900ED66F7 /* OpinionAndComplaintVC.xib in Resources */ = {isa = PBXBuildFile; fileRef = F6109E22249AF56900ED66F7 /* OpinionAndComplaintVC.xib */; };
		F6109E27249AFEED00ED66F7 /* AboutUsVC.swift in Sources */ = {isa = PBXBuildFile; fileRef = F6109E25249AFEED00ED66F7 /* AboutUsVC.swift */; };
		F6109E28249AFEED00ED66F7 /* AboutUsVC.xib in Resources */ = {isa = PBXBuildFile; fileRef = F6109E26249AFEED00ED66F7 /* AboutUsVC.xib */; };
		F6109E2C249B006100ED66F7 /* LeftTitleAndArrowCell.swift in Sources */ = {isa = PBXBuildFile; fileRef = F6109E2A249B006100ED66F7 /* LeftTitleAndArrowCell.swift */; };
		F6109E2D249B006100ED66F7 /* LeftTitleAndArrowCell.xib in Resources */ = {isa = PBXBuildFile; fileRef = F6109E2B249B006100ED66F7 /* LeftTitleAndArrowCell.xib */; };
		F6109E30249B736300ED66F7 /* MyJobModel.swift in Sources */ = {isa = PBXBuildFile; fileRef = F6109E2F249B736300ED66F7 /* MyJobModel.swift */; };
		F6109E32249B7B9700ED66F7 /* AboutUsModel.swift in Sources */ = {isa = PBXBuildFile; fileRef = F6109E31249B7B9700ED66F7 /* AboutUsModel.swift */; };
		F6109E35249B824600ED66F7 /* AboutUsDeatilVC.swift in Sources */ = {isa = PBXBuildFile; fileRef = F6109E33249B824600ED66F7 /* AboutUsDeatilVC.swift */; };
		F6109E36249B824600ED66F7 /* AboutUsDeatilVC.xib in Resources */ = {isa = PBXBuildFile; fileRef = F6109E34249B824600ED66F7 /* AboutUsDeatilVC.xib */; };
		F636BF9E2489CAAE007AEB86 /* BannerModel.swift in Sources */ = {isa = PBXBuildFile; fileRef = F636BF9D2489CAAE007AEB86 /* BannerModel.swift */; };
		F636BFA02489CB52007AEB86 /* BannerDetailModel.swift in Sources */ = {isa = PBXBuildFile; fileRef = F636BF9F2489CB52007AEB86 /* BannerDetailModel.swift */; };
		F636BFA32489EAB6007AEB86 /* TitleScrollView.swift in Sources */ = {isa = PBXBuildFile; fileRef = F636BFA22489EAB6007AEB86 /* TitleScrollView.swift */; };
		F639AC9F249C6AD600E55E3C /* MyResumeModel.swift in Sources */ = {isa = PBXBuildFile; fileRef = F639AC9E249C6AD600E55E3C /* MyResumeModel.swift */; };
		F6523AD024A8229C001E9A3A /* StellarMineAlertView.swift in Sources */ = {isa = PBXBuildFile; fileRef = F6523ACF24A8229C001E9A3A /* StellarMineAlertView.swift */; };
		F65431CF2488820D0069A307 /* CompleteResumeCell.swift in Sources */ = {isa = PBXBuildFile; fileRef = F65431CD2488820D0069A307 /* CompleteResumeCell.swift */; };
		F65431D02488820D0069A307 /* CompleteResumeCell.xib in Resources */ = {isa = PBXBuildFile; fileRef = F65431CE2488820D0069A307 /* CompleteResumeCell.xib */; };
		F65431D4248895530069A307 /* RecommendDetailCell.swift in Sources */ = {isa = PBXBuildFile; fileRef = F65431D2248895530069A307 /* RecommendDetailCell.swift */; };
		F65431D5248895530069A307 /* RecommendDetailCell.xib in Resources */ = {isa = PBXBuildFile; fileRef = F65431D3248895530069A307 /* RecommendDetailCell.xib */; };
		F65431D92488B4980069A307 /* PersonalHeadCell.swift in Sources */ = {isa = PBXBuildFile; fileRef = F65431D72488B4980069A307 /* PersonalHeadCell.swift */; };
		F65431DA2488B4980069A307 /* PersonalHeadCell.xib in Resources */ = {isa = PBXBuildFile; fileRef = F65431D82488B4980069A307 /* PersonalHeadCell.xib */; };
		F65431DD2488B4BC0069A307 /* PersonalDetailCell.swift in Sources */ = {isa = PBXBuildFile; fileRef = F65431DB2488B4BC0069A307 /* PersonalDetailCell.swift */; };
		F65431DE2488B4BC0069A307 /* PersonalDetailCell.xib in Resources */ = {isa = PBXBuildFile; fileRef = F65431DC2488B4BC0069A307 /* PersonalDetailCell.xib */; };
		F65431E12488B5CF0069A307 /* PersonVM.swift in Sources */ = {isa = PBXBuildFile; fileRef = F65431E02488B5CF0069A307 /* PersonVM.swift */; };
		F66CEEA8248DC0BF00DB68EC /* LoginVC.swift in Sources */ = {isa = PBXBuildFile; fileRef = F66CEEA6248DC0BF00DB68EC /* LoginVC.swift */; };
		F66CEEA9248DC0BF00DB68EC /* LoginVC.xib in Resources */ = {isa = PBXBuildFile; fileRef = F66CEEA7248DC0BF00DB68EC /* LoginVC.xib */; };
		F66CEEAC248DC2AA00DB68EC /* StellarProgressHUD.swift in Sources */ = {isa = PBXBuildFile; fileRef = F66CEEAB248DC2AA00DB68EC /* StellarProgressHUD.swift */; };
		F66CEEAF248DC2EF00DB68EC /* AccountOrPasswordView.swift in Sources */ = {isa = PBXBuildFile; fileRef = F66CEEAE248DC2EF00DB68EC /* AccountOrPasswordView.swift */; };
		F66CEEB4248DC31000DB68EC /* NavView.swift in Sources */ = {isa = PBXBuildFile; fileRef = F66CEEB2248DC31000DB68EC /* NavView.swift */; };
		F66CEEB5248DC31000DB68EC /* NavViewTitleImageButton.swift in Sources */ = {isa = PBXBuildFile; fileRef = F66CEEB3248DC31000DB68EC /* NavViewTitleImageButton.swift */; };
		F66CEEB8248DC32C00DB68EC /* StellarButton.swift in Sources */ = {isa = PBXBuildFile; fileRef = F66CEEB7248DC32C00DB68EC /* StellarButton.swift */; };
		F66CEEBC248DC35100DB68EC /* StellarPhoneTextFieldView.xib in Resources */ = {isa = PBXBuildFile; fileRef = F66CEEBA248DC35100DB68EC /* StellarPhoneTextFieldView.xib */; };
		F66CEEBD248DC35100DB68EC /* StellarPhoneTextFieldView.swift in Sources */ = {isa = PBXBuildFile; fileRef = F66CEEBB248DC35100DB68EC /* StellarPhoneTextFieldView.swift */; };
		F67374ED24AC1E7B0025511C /* UIDevice+Extension.swift in Sources */ = {isa = PBXBuildFile; fileRef = F67374EC24AC1E7B0025511C /* UIDevice+Extension.swift */; };
		F67D34CC2499C28F00AD89EF /* DetailPositionModel.swift in Sources */ = {isa = PBXBuildFile; fileRef = F67D34CB2499C28F00AD89EF /* DetailPositionModel.swift */; };
		F67E68532485D319009FC081 /* BaseViewController.swift in Sources */ = {isa = PBXBuildFile; fileRef = F67E68512485D319009FC081 /* BaseViewController.swift */; };
		F67E68542485D319009FC081 /* MyRootNavViewController.swift in Sources */ = {isa = PBXBuildFile; fileRef = F67E68522485D319009FC081 /* MyRootNavViewController.swift */; };
		F68360C32484DC6C00B4E4FA /* AppDelegate.swift in Sources */ = {isa = PBXBuildFile; fileRef = F68360C22484DC6C00B4E4FA /* AppDelegate.swift */; };
		F68360CC2484DC7400B4E4FA /* Assets.xcassets in Resources */ = {isa = PBXBuildFile; fileRef = F68360CB2484DC7400B4E4FA /* Assets.xcassets */; };
		F68360CF2484DC7400B4E4FA /* LaunchScreen.storyboard in Resources */ = {isa = PBXBuildFile; fileRef = F68360CD2484DC7400B4E4FA /* LaunchScreen.storyboard */; };
		F68360DA2484DC7500B4E4FA /* JZStarTests.swift in Sources */ = {isa = PBXBuildFile; fileRef = F68360D92484DC7500B4E4FA /* JZStarTests.swift */; };
		F68360E52484DC7500B4E4FA /* JZStarUITests.swift in Sources */ = {isa = PBXBuildFile; fileRef = F68360E42484DC7500B4E4FA /* JZStarUITests.swift */; };
		F68360F62484E11E00B4E4FA /* TableViewDataModel.swift in Sources */ = {isa = PBXBuildFile; fileRef = F68360F52484E11E00B4E4FA /* TableViewDataModel.swift */; };
		F68360FF2484E13000B4E4FA /* CachePolicyPlugin.swift in Sources */ = {isa = PBXBuildFile; fileRef = F68360F82484E13000B4E4FA /* CachePolicyPlugin.swift */; };
		F68361002484E13000B4E4FA /* Network.swift in Sources */ = {isa = PBXBuildFile; fileRef = F68360FB2484E13000B4E4FA /* Network.swift */; };
		F68361022484E13000B4E4FA /* AuthPlugin.swift in Sources */ = {isa = PBXBuildFile; fileRef = F68360FD2484E13000B4E4FA /* AuthPlugin.swift */; };
		F68361032484E13000B4E4FA /* NetRequestAPI.swift in Sources */ = {isa = PBXBuildFile; fileRef = F68360FE2484E13000B4E4FA /* NetRequestAPI.swift */; };
		F68361442484E15F00B4E4FA /* AppAssistance.swift in Sources */ = {isa = PBXBuildFile; fileRef = F68361062484E15E00B4E4FA /* AppAssistance.swift */; };
		F68361452484E15F00B4E4FA /* AppUser.swift in Sources */ = {isa = PBXBuildFile; fileRef = F68361082484E15E00B4E4FA /* AppUser.swift */; };
		F68361462484E15F00B4E4FA /* ToolsFunction.swift in Sources */ = {isa = PBXBuildFile; fileRef = F68361092484E15E00B4E4FA /* ToolsFunction.swift */; };
		F68361492484E15F00B4E4FA /* AppManager.swift in Sources */ = {isa = PBXBuildFile; fileRef = F68361102484E15E00B4E4FA /* AppManager.swift */; };
		F683615B2484E15F00B4E4FA /* SSTimeManager.swift in Sources */ = {isa = PBXBuildFile; fileRef = F683612E2484E15F00B4E4FA /* SSTimeManager.swift */; };
		F683615C2484E15F00B4E4FA /* SSTimeTask.swift in Sources */ = {isa = PBXBuildFile; fileRef = F683612F2484E15F00B4E4FA /* SSTimeTask.swift */; };
		F683615D2484E15F00B4E4FA /* AppCookie.swift in Sources */ = {isa = PBXBuildFile; fileRef = F68361312484E15F00B4E4FA /* AppCookie.swift */; };
		F683615E2484E15F00B4E4FA /* ValidateService.swift in Sources */ = {isa = PBXBuildFile; fileRef = F68361332484E15F00B4E4FA /* ValidateService.swift */; };
		F683615F2484E15F00B4E4FA /* Regex.swift in Sources */ = {isa = PBXBuildFile; fileRef = F68361342484E15F00B4E4FA /* Regex.swift */; };
		F68361602484E15F00B4E4FA /* PulicConst.swift in Sources */ = {isa = PBXBuildFile; fileRef = F68361352484E15F00B4E4FA /* PulicConst.swift */; };
		F68361682484E9C300B4E4FA /* GlobalPackage.swift in Sources */ = {isa = PBXBuildFile; fileRef = F68361672484E9C300B4E4FA /* GlobalPackage.swift */; };
		F68361712484EED300B4E4FA /* StellarHintHud.swift in Sources */ = {isa = PBXBuildFile; fileRef = F68361702484EED300B4E4FA /* StellarHintHud.swift */; };
		F68361A42484EEF800B4E4FA /* UIView+Extension.swift in Sources */ = {isa = PBXBuildFile; fileRef = F68361782484EEF800B4E4FA /* UIView+Extension.swift */; };
		F68361A72484EEF800B4E4FA /* String+Extension.swift in Sources */ = {isa = PBXBuildFile; fileRef = F683617D2484EEF800B4E4FA /* String+Extension.swift */; };
		F68361A92484EEF800B4E4FA /* Color+Extension.swift in Sources */ = {isa = PBXBuildFile; fileRef = F683617F2484EEF800B4E4FA /* Color+Extension.swift */; };
		F68361AA2484EEF800B4E4FA /* Image+Extension.swift in Sources */ = {isa = PBXBuildFile; fileRef = F683619B2484EEF800B4E4FA /* Image+Extension.swift */; };
		F68361AB2484EEF800B4E4FA /* UIButton+indicator.swift in Sources */ = {isa = PBXBuildFile; fileRef = F683619C2484EEF800B4E4FA /* UIButton+indicator.swift */; };
		F68361AE2484EEF800B4E4FA /* CGFloat+Extension.swift in Sources */ = {isa = PBXBuildFile; fileRef = F683619F2484EEF800B4E4FA /* CGFloat+Extension.swift */; };
		F68361B12484F07600B4E4FA /* MBProgressHUD+Stellar.swift in Sources */ = {isa = PBXBuildFile; fileRef = F68361B02484F07600B4E4FA /* MBProgressHUD+Stellar.swift */; };
		F68361B82484F60300B4E4FA /* RecommendViewController.swift in Sources */ = {isa = PBXBuildFile; fileRef = F68361B72484F60300B4E4FA /* RecommendViewController.swift */; };
		F68361BA2484F61000B4E4FA /* PersonalViewController.swift in Sources */ = {isa = PBXBuildFile; fileRef = F68361B92484F61000B4E4FA /* PersonalViewController.swift */; };
		F68361BD2484F8DA00B4E4FA /* MainViewController.swift in Sources */ = {isa = PBXBuildFile; fileRef = F68361BC2484F8DA00B4E4FA /* MainViewController.swift */; };
		F68361C02484F98A00B4E4FA /* TabbarScaledButton.swift in Sources */ = {isa = PBXBuildFile; fileRef = F68361BF2484F98A00B4E4FA /* TabbarScaledButton.swift */; };
		F6AF66982487949300CD347E /* SelectTypeView.swift in Sources */ = {isa = PBXBuildFile; fileRef = F6AF66962487949300CD347E /* SelectTypeView.swift */; };
		F6D10C102485F71300AF6401 /* HomePageViewController.swift in Sources */ = {isa = PBXBuildFile; fileRef = F6D10C0E2485F71300AF6401 /* HomePageViewController.swift */; };
		F6D10C112485F71300AF6401 /* HomePageViewController.xib in Resources */ = {isa = PBXBuildFile; fileRef = F6D10C0F2485F71300AF6401 /* HomePageViewController.xib */; };
		F6D10C132485F99100AF6401 /* HomePageVM.swift in Sources */ = {isa = PBXBuildFile; fileRef = F6D10C122485F99100AF6401 /* HomePageVM.swift */; };
		F6F4970F24B5E2350035A61B /* JFCitySelector.bundle in Resources */ = {isa = PBXBuildFile; fileRef = F6F496F124B5E2340035A61B /* JFCitySelector.bundle */; };
		F6F4971024B5E2350035A61B /* JFCSBaseInfoModel.m in Sources */ = {isa = PBXBuildFile; fileRef = F6F496F424B5E2350035A61B /* JFCSBaseInfoModel.m */; };
		F6F4971124B5E2350035A61B /* JFCSCityModel.m in Sources */ = {isa = PBXBuildFile; fileRef = F6F496F524B5E2350035A61B /* JFCSCityModel.m */; };
		F6F4971224B5E2350035A61B /* JFCSFileManager.m in Sources */ = {isa = PBXBuildFile; fileRef = F6F496F924B5E2350035A61B /* JFCSFileManager.m */; };
		F6F4971324B5E2350035A61B /* .gitkeep in Resources */ = {isa = PBXBuildFile; fileRef = F6F496FB24B5E2350035A61B /* .gitkeep */; };
		F6F4971424B5E2350035A61B /* JFCSTopToolsTableViewCell.m in Sources */ = {isa = PBXBuildFile; fileRef = F6F496FC24B5E2350035A61B /* JFCSTopToolsTableViewCell.m */; };
		F6F4971524B5E2350035A61B /* JFCSTableViewHeaderView.m in Sources */ = {isa = PBXBuildFile; fileRef = F6F496FD24B5E2350035A61B /* JFCSTableViewHeaderView.m */; };
		F6F4971624B5E2350035A61B /* JFCSTableViewController.m in Sources */ = {isa = PBXBuildFile; fileRef = F6F496FE24B5E2350035A61B /* JFCSTableViewController.m */; };
		F6F4971724B5E2350035A61B /* JFCSPopularCitiesModel.m in Sources */ = {isa = PBXBuildFile; fileRef = F6F496FF24B5E2350035A61B /* JFCSPopularCitiesModel.m */; };
		F6F4971824B5E2350035A61B /* JFCSConfiguration.m in Sources */ = {isa = PBXBuildFile; fileRef = F6F4970324B5E2350035A61B /* JFCSConfiguration.m */; };
		F6F4971924B5E2350035A61B /* JFCSProvinceModel.m in Sources */ = {isa = PBXBuildFile; fileRef = F6F4970424B5E2350035A61B /* JFCSProvinceModel.m */; };
		F6F4971A24B5E2350035A61B /* JFCSAreaModel.m in Sources */ = {isa = PBXBuildFile; fileRef = F6F4970524B5E2350035A61B /* JFCSAreaModel.m */; };
		F6F4971B24B5E2350035A61B /* JFCSSearchTableViewController.m in Sources */ = {isa = PBXBuildFile; fileRef = F6F4970924B5E2350035A61B /* JFCSSearchTableViewController.m */; };
		F6F4971C24B5E2350035A61B /* JFCSDataOpreation.m in Sources */ = {isa = PBXBuildFile; fileRef = F6F4970A24B5E2350035A61B /* JFCSDataOpreation.m */; };
		F6F4971D24B5E2350035A61B /* JFCSData.m in Sources */ = {isa = PBXBuildFile; fileRef = F6F4970B24B5E2350035A61B /* JFCSData.m */; };
/* End PBXBuildFile section */

/* Begin PBXContainerItemProxy section */
		F68360D62484DC7500B4E4FA /* PBXContainerItemProxy */ = {
			isa = PBXContainerItemProxy;
			containerPortal = F68360B72484DC6C00B4E4FA /* Project object */;
			proxyType = 1;
			remoteGlobalIDString = F68360BE2484DC6C00B4E4FA;
			remoteInfo = JZStar;
		};
		F68360E12484DC7500B4E4FA /* PBXContainerItemProxy */ = {
			isa = PBXContainerItemProxy;
			containerPortal = F68360B72484DC6C00B4E4FA /* Project object */;
			proxyType = 1;
			remoteGlobalIDString = F68360BE2484DC6C00B4E4FA;
			remoteInfo = JZStar;
		};
/* End PBXContainerItemProxy section */

/* Begin PBXFileReference section */
		408496BDAF80093237DAAE1D /* Pods-JZStar.release.xcconfig */ = {isa = PBXFileReference; includeInIndex = 1; lastKnownFileType = text.xcconfig; name = "Pods-JZStar.release.xcconfig"; path = "Target Support Files/Pods-JZStar/Pods-JZStar.release.xcconfig"; sourceTree = "<group>"; };
		46FCAE921F5C6F35D28CB48F /* Pods-JZStar.debug.xcconfig */ = {isa = PBXFileReference; includeInIndex = 1; lastKnownFileType = text.xcconfig; name = "Pods-JZStar.debug.xcconfig"; path = "Target Support Files/Pods-JZStar/Pods-JZStar.debug.xcconfig"; sourceTree = "<group>"; };
		55197AD4B1F3C2713D78B3FF /* Pods_JZStar.framework */ = {isa = PBXFileReference; explicitFileType = wrapper.framework; includeInIndex = 0; path = Pods_JZStar.framework; sourceTree = BUILT_PRODUCTS_DIR; };
		AB042C6224991839007F8641 /* DetailPositionVM.swift */ = {isa = PBXFileReference; lastKnownFileType = sourcecode.swift; path = DetailPositionVM.swift; sourceTree = "<group>"; };
		AB042C6424991974007F8641 /* DetailJobHeadCell.swift */ = {isa = PBXFileReference; fileEncoding = 4; lastKnownFileType = sourcecode.swift; path = DetailJobHeadCell.swift; sourceTree = "<group>"; };
		AB042C6524991974007F8641 /* DetailJobHeadCell.xib */ = {isa = PBXFileReference; fileEncoding = 4; lastKnownFileType = file.xib; path = DetailJobHeadCell.xib; sourceTree = "<group>"; };
		AB042C6824991BF9007F8641 /* DetailJobContentCell.swift */ = {isa = PBXFileReference; lastKnownFileType = sourcecode.swift; path = DetailJobContentCell.swift; sourceTree = "<group>"; };
		AB042C6924991BF9007F8641 /* DetailJobContentCell.xib */ = {isa = PBXFileReference; lastKnownFileType = file.xib; path = DetailJobContentCell.xib; sourceTree = "<group>"; };
		AB0C2D4C2496323800D9E378 /* SpaceCell.swift */ = {isa = PBXFileReference; lastKnownFileType = sourcecode.swift; path = SpaceCell.swift; sourceTree = "<group>"; };
		AB0C2D4D2496323800D9E378 /* SpaceCell.xib */ = {isa = PBXFileReference; lastKnownFileType = file.xib; path = SpaceCell.xib; sourceTree = "<group>"; };
		AB1E3C47249D9C83004089A8 /* LeftDialogueCell.swift */ = {isa = PBXFileReference; lastKnownFileType = sourcecode.swift; path = LeftDialogueCell.swift; sourceTree = "<group>"; };
		AB1E3C48249D9C83004089A8 /* LeftDialogueCell.xib */ = {isa = PBXFileReference; lastKnownFileType = file.xib; path = LeftDialogueCell.xib; sourceTree = "<group>"; };
		AB1E3C4B249D9C9D004089A8 /* RightDialogueCell.swift */ = {isa = PBXFileReference; lastKnownFileType = sourcecode.swift; path = RightDialogueCell.swift; sourceTree = "<group>"; };
		AB1E3C4C249D9C9D004089A8 /* RightDialogueCell.xib */ = {isa = PBXFileReference; lastKnownFileType = file.xib; path = RightDialogueCell.xib; sourceTree = "<group>"; };
		AB28C68424A0E5CF00391A5A /* RecommendDeatailVC.swift */ = {isa = PBXFileReference; lastKnownFileType = sourcecode.swift; path = RecommendDeatailVC.swift; sourceTree = "<group>"; };
		AB28C68524A0E5CF00391A5A /* RecommendDeatailVC.xib */ = {isa = PBXFileReference; lastKnownFileType = file.xib; path = RecommendDeatailVC.xib; sourceTree = "<group>"; };
		AB3FE3FA249E30D2001966ED /* ImageCodeVerification.swift */ = {isa = PBXFileReference; lastKnownFileType = sourcecode.swift; path = ImageCodeVerification.swift; sourceTree = "<group>"; };
		AB3FE3FE249E3D98001966ED /* MTPopMenuTableViewCell.swift */ = {isa = PBXFileReference; fileEncoding = 4; lastKnownFileType = sourcecode.swift; path = MTPopMenuTableViewCell.swift; sourceTree = "<group>"; };
		AB3FE3FF249E3D98001966ED /* MTPopMenuModel.swift */ = {isa = PBXFileReference; fileEncoding = 4; lastKnownFileType = sourcecode.swift; path = MTPopMenuModel.swift; sourceTree = "<group>"; };
		AB3FE400249E3D98001966ED /* MTPopMenu.swift */ = {isa = PBXFileReference; fileEncoding = 4; lastKnownFileType = sourcecode.swift; path = MTPopMenu.swift; sourceTree = "<group>"; };
		AB5EA1962487F5FA009758B1 /* SelectDetailViewCell.swift */ = {isa = PBXFileReference; lastKnownFileType = sourcecode.swift; path = SelectDetailViewCell.swift; sourceTree = "<group>"; };
		AB5EA1972487F5FA009758B1 /* SelectDetailViewCell.xib */ = {isa = PBXFileReference; lastKnownFileType = file.xib; path = SelectDetailViewCell.xib; sourceTree = "<group>"; };
		AB5EA19B2487FA26009758B1 /* MerchantModel.swift */ = {isa = PBXFileReference; lastKnownFileType = sourcecode.swift; path = MerchantModel.swift; sourceTree = "<group>"; };
		AB805D8524B757C7009396D0 /* DetailTitleContentCell.swift */ = {isa = PBXFileReference; lastKnownFileType = sourcecode.swift; path = DetailTitleContentCell.swift; sourceTree = "<group>"; };
		AB805D8624B757C7009396D0 /* DetailTitleContentCell.xib */ = {isa = PBXFileReference; lastKnownFileType = file.xib; path = DetailTitleContentCell.xib; sourceTree = "<group>"; };
		AB9E51D924892CED00BAF5AE /* DetailPositionVC.swift */ = {isa = PBXFileReference; lastKnownFileType = sourcecode.swift; path = DetailPositionVC.swift; sourceTree = "<group>"; };
		AB9E51DA24892CED00BAF5AE /* DetailPositionVC.xib */ = {isa = PBXFileReference; lastKnownFileType = file.xib; path = DetailPositionVC.xib; sourceTree = "<group>"; };
		ABE3D185249CE6EE00D2B55E /* BHJPickerView.swift */ = {isa = PBXFileReference; fileEncoding = 4; lastKnownFileType = sourcecode.swift; path = BHJPickerView.swift; sourceTree = "<group>"; };
		ABE3D187249D059500D2B55E /* MyServiceVC.swift */ = {isa = PBXFileReference; lastKnownFileType = sourcecode.swift; path = MyServiceVC.swift; sourceTree = "<group>"; };
		ABE3D188249D059500D2B55E /* MyServiceVC.xib */ = {isa = PBXFileReference; lastKnownFileType = file.xib; path = MyServiceVC.xib; sourceTree = "<group>"; };
		ABE3D18B249D068500D2B55E /* ServiceVM.swift */ = {isa = PBXFileReference; lastKnownFileType = sourcecode.swift; path = ServiceVM.swift; sourceTree = "<group>"; };
		ABE3D190249D8BE700D2B55E /* ServiceHeadCell.swift */ = {isa = PBXFileReference; lastKnownFileType = sourcecode.swift; path = ServiceHeadCell.swift; sourceTree = "<group>"; };
		ABE3D191249D8BE700D2B55E /* ServiceHeadCell.xib */ = {isa = PBXFileReference; lastKnownFileType = file.xib; path = ServiceHeadCell.xib; sourceTree = "<group>"; };
		ABF9B731249A3492007F9B05 /* RecommendProductModel.swift */ = {isa = PBXFileReference; lastKnownFileType = sourcecode.swift; path = RecommendProductModel.swift; sourceTree = "<group>"; };
		ABF9B733249A41C4007F9B05 /* ImproveResumeCell.xib */ = {isa = PBXFileReference; fileEncoding = 4; lastKnownFileType = file.xib; path = ImproveResumeCell.xib; sourceTree = "<group>"; };
		ABF9B734249A41C4007F9B05 /* ImproveResumeCell.swift */ = {isa = PBXFileReference; fileEncoding = 4; lastKnownFileType = sourcecode.swift; path = ImproveResumeCell.swift; sourceTree = "<group>"; };
		ABF9B738249A58A3007F9B05 /* MyJobVC.swift */ = {isa = PBXFileReference; lastKnownFileType = sourcecode.swift; path = MyJobVC.swift; sourceTree = "<group>"; };
		ABF9B739249A58A3007F9B05 /* MyJobVC.xib */ = {isa = PBXFileReference; lastKnownFileType = file.xib; path = MyJobVC.xib; sourceTree = "<group>"; };
		ABF9B73C249A6640007F9B05 /* MyResumeVC.swift */ = {isa = PBXFileReference; lastKnownFileType = sourcecode.swift; path = MyResumeVC.swift; sourceTree = "<group>"; };
		ABF9B73D249A6640007F9B05 /* MyResumeVC.xib */ = {isa = PBXFileReference; lastKnownFileType = file.xib; path = MyResumeVC.xib; sourceTree = "<group>"; };
		ABF9B740249A66C3007F9B05 /* MyResumeVM.swift */ = {isa = PBXFileReference; lastKnownFileType = sourcecode.swift; path = MyResumeVM.swift; sourceTree = "<group>"; };
		ABF9B743249A6834007F9B05 /* MyResumeInputCell.swift */ = {isa = PBXFileReference; lastKnownFileType = sourcecode.swift; path = MyResumeInputCell.swift; sourceTree = "<group>"; };
		ABF9B744249A6834007F9B05 /* MyResumeInputCell.xib */ = {isa = PBXFileReference; lastKnownFileType = file.xib; path = MyResumeInputCell.xib; sourceTree = "<group>"; };
		ABF9B747249A6858007F9B05 /* MyResumePickUpCell.swift */ = {isa = PBXFileReference; lastKnownFileType = sourcecode.swift; path = MyResumePickUpCell.swift; sourceTree = "<group>"; };
		ABF9B748249A6858007F9B05 /* MyResumePickUpCell.xib */ = {isa = PBXFileReference; lastKnownFileType = file.xib; path = MyResumePickUpCell.xib; sourceTree = "<group>"; };
		ABF9B74B249A712D007F9B05 /* MyResumeMoreInputCell.swift */ = {isa = PBXFileReference; lastKnownFileType = sourcecode.swift; path = MyResumeMoreInputCell.swift; sourceTree = "<group>"; };
		ABF9B74C249A712D007F9B05 /* MyResumeMoreInputCell.xib */ = {isa = PBXFileReference; lastKnownFileType = file.xib; path = MyResumeMoreInputCell.xib; sourceTree = "<group>"; };
		F6109E21249AF56900ED66F7 /* OpinionAndComplaintVC.swift */ = {isa = PBXFileReference; lastKnownFileType = sourcecode.swift; path = OpinionAndComplaintVC.swift; sourceTree = "<group>"; };
		F6109E22249AF56900ED66F7 /* OpinionAndComplaintVC.xib */ = {isa = PBXFileReference; lastKnownFileType = file.xib; path = OpinionAndComplaintVC.xib; sourceTree = "<group>"; };
		F6109E25249AFEED00ED66F7 /* AboutUsVC.swift */ = {isa = PBXFileReference; lastKnownFileType = sourcecode.swift; path = AboutUsVC.swift; sourceTree = "<group>"; };
		F6109E26249AFEED00ED66F7 /* AboutUsVC.xib */ = {isa = PBXFileReference; lastKnownFileType = file.xib; path = AboutUsVC.xib; sourceTree = "<group>"; };
		F6109E2A249B006100ED66F7 /* LeftTitleAndArrowCell.swift */ = {isa = PBXFileReference; lastKnownFileType = sourcecode.swift; path = LeftTitleAndArrowCell.swift; sourceTree = "<group>"; };
		F6109E2B249B006100ED66F7 /* LeftTitleAndArrowCell.xib */ = {isa = PBXFileReference; lastKnownFileType = file.xib; path = LeftTitleAndArrowCell.xib; sourceTree = "<group>"; };
		F6109E2F249B736300ED66F7 /* MyJobModel.swift */ = {isa = PBXFileReference; lastKnownFileType = sourcecode.swift; path = MyJobModel.swift; sourceTree = "<group>"; };
		F6109E31249B7B9700ED66F7 /* AboutUsModel.swift */ = {isa = PBXFileReference; lastKnownFileType = sourcecode.swift; path = AboutUsModel.swift; sourceTree = "<group>"; };
		F6109E33249B824600ED66F7 /* AboutUsDeatilVC.swift */ = {isa = PBXFileReference; lastKnownFileType = sourcecode.swift; path = AboutUsDeatilVC.swift; sourceTree = "<group>"; };
		F6109E34249B824600ED66F7 /* AboutUsDeatilVC.xib */ = {isa = PBXFileReference; lastKnownFileType = file.xib; path = AboutUsDeatilVC.xib; sourceTree = "<group>"; };
		F636BF9D2489CAAE007AEB86 /* BannerModel.swift */ = {isa = PBXFileReference; lastKnownFileType = sourcecode.swift; path = BannerModel.swift; sourceTree = "<group>"; };
		F636BF9F2489CB52007AEB86 /* BannerDetailModel.swift */ = {isa = PBXFileReference; lastKnownFileType = sourcecode.swift; path = BannerDetailModel.swift; sourceTree = "<group>"; };
		F636BFA22489EAB6007AEB86 /* TitleScrollView.swift */ = {isa = PBXFileReference; fileEncoding = 4; lastKnownFileType = sourcecode.swift; path = TitleScrollView.swift; sourceTree = "<group>"; };
		F639AC9E249C6AD600E55E3C /* MyResumeModel.swift */ = {isa = PBXFileReference; lastKnownFileType = sourcecode.swift; path = MyResumeModel.swift; sourceTree = "<group>"; };
		F6523ACF24A8229C001E9A3A /* StellarMineAlertView.swift */ = {isa = PBXFileReference; fileEncoding = 4; lastKnownFileType = sourcecode.swift; path = StellarMineAlertView.swift; sourceTree = "<group>"; };
		F6523AD124A83A8E001E9A3A /* OC-bridging-header.h */ = {isa = PBXFileReference; lastKnownFileType = sourcecode.c.h; path = "OC-bridging-header.h"; sourceTree = "<group>"; };
		F65431CD2488820D0069A307 /* CompleteResumeCell.swift */ = {isa = PBXFileReference; lastKnownFileType = sourcecode.swift; path = CompleteResumeCell.swift; sourceTree = "<group>"; };
		F65431CE2488820D0069A307 /* CompleteResumeCell.xib */ = {isa = PBXFileReference; lastKnownFileType = file.xib; path = CompleteResumeCell.xib; sourceTree = "<group>"; };
		F65431D2248895530069A307 /* RecommendDetailCell.swift */ = {isa = PBXFileReference; lastKnownFileType = sourcecode.swift; path = RecommendDetailCell.swift; sourceTree = "<group>"; };
		F65431D3248895530069A307 /* RecommendDetailCell.xib */ = {isa = PBXFileReference; lastKnownFileType = file.xib; path = RecommendDetailCell.xib; sourceTree = "<group>"; };
		F65431D72488B4980069A307 /* PersonalHeadCell.swift */ = {isa = PBXFileReference; lastKnownFileType = sourcecode.swift; path = PersonalHeadCell.swift; sourceTree = "<group>"; };
		F65431D82488B4980069A307 /* PersonalHeadCell.xib */ = {isa = PBXFileReference; lastKnownFileType = file.xib; path = PersonalHeadCell.xib; sourceTree = "<group>"; };
		F65431DB2488B4BC0069A307 /* PersonalDetailCell.swift */ = {isa = PBXFileReference; lastKnownFileType = sourcecode.swift; path = PersonalDetailCell.swift; sourceTree = "<group>"; };
		F65431DC2488B4BC0069A307 /* PersonalDetailCell.xib */ = {isa = PBXFileReference; lastKnownFileType = file.xib; path = PersonalDetailCell.xib; sourceTree = "<group>"; };
		F65431E02488B5CF0069A307 /* PersonVM.swift */ = {isa = PBXFileReference; lastKnownFileType = sourcecode.swift; path = PersonVM.swift; sourceTree = "<group>"; };
		F66CEEA6248DC0BF00DB68EC /* LoginVC.swift */ = {isa = PBXFileReference; lastKnownFileType = sourcecode.swift; path = LoginVC.swift; sourceTree = "<group>"; };
		F66CEEA7248DC0BF00DB68EC /* LoginVC.xib */ = {isa = PBXFileReference; lastKnownFileType = file.xib; path = LoginVC.xib; sourceTree = "<group>"; };
		F66CEEAB248DC2AA00DB68EC /* StellarProgressHUD.swift */ = {isa = PBXFileReference; fileEncoding = 4; lastKnownFileType = sourcecode.swift; path = StellarProgressHUD.swift; sourceTree = "<group>"; };
		F66CEEAE248DC2EF00DB68EC /* AccountOrPasswordView.swift */ = {isa = PBXFileReference; fileEncoding = 4; lastKnownFileType = sourcecode.swift; path = AccountOrPasswordView.swift; sourceTree = "<group>"; };
		F66CEEB2248DC31000DB68EC /* NavView.swift */ = {isa = PBXFileReference; fileEncoding = 4; lastKnownFileType = sourcecode.swift; path = NavView.swift; sourceTree = "<group>"; };
		F66CEEB3248DC31000DB68EC /* NavViewTitleImageButton.swift */ = {isa = PBXFileReference; fileEncoding = 4; lastKnownFileType = sourcecode.swift; path = NavViewTitleImageButton.swift; sourceTree = "<group>"; };
		F66CEEB7248DC32C00DB68EC /* StellarButton.swift */ = {isa = PBXFileReference; fileEncoding = 4; lastKnownFileType = sourcecode.swift; path = StellarButton.swift; sourceTree = "<group>"; };
		F66CEEBA248DC35100DB68EC /* StellarPhoneTextFieldView.xib */ = {isa = PBXFileReference; fileEncoding = 4; lastKnownFileType = file.xib; path = StellarPhoneTextFieldView.xib; sourceTree = "<group>"; };
		F66CEEBB248DC35100DB68EC /* StellarPhoneTextFieldView.swift */ = {isa = PBXFileReference; fileEncoding = 4; lastKnownFileType = sourcecode.swift; path = StellarPhoneTextFieldView.swift; sourceTree = "<group>"; };
		F67374EC24AC1E7B0025511C /* UIDevice+Extension.swift */ = {isa = PBXFileReference; lastKnownFileType = sourcecode.swift; path = "UIDevice+Extension.swift"; sourceTree = "<group>"; };
		F67D34CB2499C28F00AD89EF /* DetailPositionModel.swift */ = {isa = PBXFileReference; lastKnownFileType = sourcecode.swift; path = DetailPositionModel.swift; sourceTree = "<group>"; };
		F67E68512485D319009FC081 /* BaseViewController.swift */ = {isa = PBXFileReference; fileEncoding = 4; lastKnownFileType = sourcecode.swift; path = BaseViewController.swift; sourceTree = "<group>"; };
		F67E68522485D319009FC081 /* MyRootNavViewController.swift */ = {isa = PBXFileReference; fileEncoding = 4; lastKnownFileType = sourcecode.swift; path = MyRootNavViewController.swift; sourceTree = "<group>"; };
		F68360BF2484DC6C00B4E4FA /* JZStar.app */ = {isa = PBXFileReference; explicitFileType = wrapper.application; includeInIndex = 0; path = JZStar.app; sourceTree = BUILT_PRODUCTS_DIR; };
		F68360C22484DC6C00B4E4FA /* AppDelegate.swift */ = {isa = PBXFileReference; lastKnownFileType = sourcecode.swift; path = AppDelegate.swift; sourceTree = "<group>"; };
		F68360CB2484DC7400B4E4FA /* Assets.xcassets */ = {isa = PBXFileReference; lastKnownFileType = folder.assetcatalog; path = Assets.xcassets; sourceTree = "<group>"; };
		F68360CE2484DC7400B4E4FA /* Base */ = {isa = PBXFileReference; lastKnownFileType = file.storyboard; name = Base; path = Base.lproj/LaunchScreen.storyboard; sourceTree = "<group>"; };
		F68360D02484DC7400B4E4FA /* Info.plist */ = {isa = PBXFileReference; lastKnownFileType = text.plist.xml; path = Info.plist; sourceTree = "<group>"; };
		F68360D52484DC7500B4E4FA /* JZStarTests.xctest */ = {isa = PBXFileReference; explicitFileType = wrapper.cfbundle; includeInIndex = 0; path = JZStarTests.xctest; sourceTree = BUILT_PRODUCTS_DIR; };
		F68360D92484DC7500B4E4FA /* JZStarTests.swift */ = {isa = PBXFileReference; lastKnownFileType = sourcecode.swift; path = JZStarTests.swift; sourceTree = "<group>"; };
		F68360DB2484DC7500B4E4FA /* Info.plist */ = {isa = PBXFileReference; lastKnownFileType = text.plist.xml; path = Info.plist; sourceTree = "<group>"; };
		F68360E02484DC7500B4E4FA /* JZStarUITests.xctest */ = {isa = PBXFileReference; explicitFileType = wrapper.cfbundle; includeInIndex = 0; path = JZStarUITests.xctest; sourceTree = BUILT_PRODUCTS_DIR; };
		F68360E42484DC7500B4E4FA /* JZStarUITests.swift */ = {isa = PBXFileReference; lastKnownFileType = sourcecode.swift; path = JZStarUITests.swift; sourceTree = "<group>"; };
		F68360E62484DC7500B4E4FA /* Info.plist */ = {isa = PBXFileReference; lastKnownFileType = text.plist.xml; path = Info.plist; sourceTree = "<group>"; };
		F68360F52484E11E00B4E4FA /* TableViewDataModel.swift */ = {isa = PBXFileReference; fileEncoding = 4; lastKnownFileType = sourcecode.swift; path = TableViewDataModel.swift; sourceTree = "<group>"; };
		F68360F82484E13000B4E4FA /* CachePolicyPlugin.swift */ = {isa = PBXFileReference; fileEncoding = 4; lastKnownFileType = sourcecode.swift; path = CachePolicyPlugin.swift; sourceTree = "<group>"; };
		F68360FB2484E13000B4E4FA /* Network.swift */ = {isa = PBXFileReference; fileEncoding = 4; lastKnownFileType = sourcecode.swift; path = Network.swift; sourceTree = "<group>"; };
		F68360FD2484E13000B4E4FA /* AuthPlugin.swift */ = {isa = PBXFileReference; fileEncoding = 4; lastKnownFileType = sourcecode.swift; path = AuthPlugin.swift; sourceTree = "<group>"; };
		F68360FE2484E13000B4E4FA /* NetRequestAPI.swift */ = {isa = PBXFileReference; fileEncoding = 4; lastKnownFileType = sourcecode.swift; path = NetRequestAPI.swift; sourceTree = "<group>"; };
		F68361062484E15E00B4E4FA /* AppAssistance.swift */ = {isa = PBXFileReference; fileEncoding = 4; lastKnownFileType = sourcecode.swift; path = AppAssistance.swift; sourceTree = "<group>"; };
		F68361082484E15E00B4E4FA /* AppUser.swift */ = {isa = PBXFileReference; fileEncoding = 4; lastKnownFileType = sourcecode.swift; path = AppUser.swift; sourceTree = "<group>"; };
		F68361092484E15E00B4E4FA /* ToolsFunction.swift */ = {isa = PBXFileReference; fileEncoding = 4; lastKnownFileType = sourcecode.swift; path = ToolsFunction.swift; sourceTree = "<group>"; };
		F68361102484E15E00B4E4FA /* AppManager.swift */ = {isa = PBXFileReference; fileEncoding = 4; lastKnownFileType = sourcecode.swift; path = AppManager.swift; sourceTree = "<group>"; };
		F683612E2484E15F00B4E4FA /* SSTimeManager.swift */ = {isa = PBXFileReference; fileEncoding = 4; lastKnownFileType = sourcecode.swift; path = SSTimeManager.swift; sourceTree = "<group>"; };
		F683612F2484E15F00B4E4FA /* SSTimeTask.swift */ = {isa = PBXFileReference; fileEncoding = 4; lastKnownFileType = sourcecode.swift; path = SSTimeTask.swift; sourceTree = "<group>"; };
		F68361312484E15F00B4E4FA /* AppCookie.swift */ = {isa = PBXFileReference; fileEncoding = 4; lastKnownFileType = sourcecode.swift; path = AppCookie.swift; sourceTree = "<group>"; };
		F68361332484E15F00B4E4FA /* ValidateService.swift */ = {isa = PBXFileReference; fileEncoding = 4; lastKnownFileType = sourcecode.swift; path = ValidateService.swift; sourceTree = "<group>"; };
		F68361342484E15F00B4E4FA /* Regex.swift */ = {isa = PBXFileReference; fileEncoding = 4; lastKnownFileType = sourcecode.swift; path = Regex.swift; sourceTree = "<group>"; };
		F68361352484E15F00B4E4FA /* PulicConst.swift */ = {isa = PBXFileReference; fileEncoding = 4; lastKnownFileType = sourcecode.swift; path = PulicConst.swift; sourceTree = "<group>"; };
		F68361672484E9C300B4E4FA /* GlobalPackage.swift */ = {isa = PBXFileReference; fileEncoding = 4; lastKnownFileType = sourcecode.swift; path = GlobalPackage.swift; sourceTree = "<group>"; };
		F68361702484EED300B4E4FA /* StellarHintHud.swift */ = {isa = PBXFileReference; fileEncoding = 4; lastKnownFileType = sourcecode.swift; path = StellarHintHud.swift; sourceTree = "<group>"; };
		F68361782484EEF800B4E4FA /* UIView+Extension.swift */ = {isa = PBXFileReference; fileEncoding = 4; lastKnownFileType = sourcecode.swift; path = "UIView+Extension.swift"; sourceTree = "<group>"; };
		F683617D2484EEF800B4E4FA /* String+Extension.swift */ = {isa = PBXFileReference; fileEncoding = 4; lastKnownFileType = sourcecode.swift; path = "String+Extension.swift"; sourceTree = "<group>"; };
		F683617F2484EEF800B4E4FA /* Color+Extension.swift */ = {isa = PBXFileReference; fileEncoding = 4; lastKnownFileType = sourcecode.swift; path = "Color+Extension.swift"; sourceTree = "<group>"; };
		F683619B2484EEF800B4E4FA /* Image+Extension.swift */ = {isa = PBXFileReference; fileEncoding = 4; lastKnownFileType = sourcecode.swift; path = "Image+Extension.swift"; sourceTree = "<group>"; };
		F683619C2484EEF800B4E4FA /* UIButton+indicator.swift */ = {isa = PBXFileReference; fileEncoding = 4; lastKnownFileType = sourcecode.swift; path = "UIButton+indicator.swift"; sourceTree = "<group>"; };
		F683619F2484EEF800B4E4FA /* CGFloat+Extension.swift */ = {isa = PBXFileReference; fileEncoding = 4; lastKnownFileType = sourcecode.swift; path = "CGFloat+Extension.swift"; sourceTree = "<group>"; };
		F68361B02484F07600B4E4FA /* MBProgressHUD+Stellar.swift */ = {isa = PBXFileReference; fileEncoding = 4; lastKnownFileType = sourcecode.swift; path = "MBProgressHUD+Stellar.swift"; sourceTree = "<group>"; };
		F68361B72484F60300B4E4FA /* RecommendViewController.swift */ = {isa = PBXFileReference; lastKnownFileType = sourcecode.swift; path = RecommendViewController.swift; sourceTree = "<group>"; };
		F68361B92484F61000B4E4FA /* PersonalViewController.swift */ = {isa = PBXFileReference; lastKnownFileType = sourcecode.swift; path = PersonalViewController.swift; sourceTree = "<group>"; };
		F68361BC2484F8DA00B4E4FA /* MainViewController.swift */ = {isa = PBXFileReference; fileEncoding = 4; lastKnownFileType = sourcecode.swift; path = MainViewController.swift; sourceTree = "<group>"; };
		F68361BF2484F98A00B4E4FA /* TabbarScaledButton.swift */ = {isa = PBXFileReference; fileEncoding = 4; lastKnownFileType = sourcecode.swift; path = TabbarScaledButton.swift; sourceTree = "<group>"; };
		F6AF66962487949300CD347E /* SelectTypeView.swift */ = {isa = PBXFileReference; lastKnownFileType = sourcecode.swift; path = SelectTypeView.swift; sourceTree = "<group>"; };
		F6D10C0E2485F71300AF6401 /* HomePageViewController.swift */ = {isa = PBXFileReference; lastKnownFileType = sourcecode.swift; path = HomePageViewController.swift; sourceTree = "<group>"; };
		F6D10C0F2485F71300AF6401 /* HomePageViewController.xib */ = {isa = PBXFileReference; lastKnownFileType = file.xib; path = HomePageViewController.xib; sourceTree = "<group>"; };
		F6D10C122485F99100AF6401 /* HomePageVM.swift */ = {isa = PBXFileReference; lastKnownFileType = sourcecode.swift; path = HomePageVM.swift; sourceTree = "<group>"; };
		F6F496F124B5E2340035A61B /* JFCitySelector.bundle */ = {isa = PBXFileReference; lastKnownFileType = "wrapper.plug-in"; path = JFCitySelector.bundle; sourceTree = "<group>"; };
		F6F496F324B5E2350035A61B /* JFCSConfiguration.h */ = {isa = PBXFileReference; fileEncoding = 4; lastKnownFileType = sourcecode.c.h; path = JFCSConfiguration.h; sourceTree = "<group>"; };
		F6F496F424B5E2350035A61B /* JFCSBaseInfoModel.m */ = {isa = PBXFileReference; fileEncoding = 4; lastKnownFileType = sourcecode.c.objc; path = JFCSBaseInfoModel.m; sourceTree = "<group>"; };
		F6F496F524B5E2350035A61B /* JFCSCityModel.m */ = {isa = PBXFileReference; fileEncoding = 4; lastKnownFileType = sourcecode.c.objc; path = JFCSCityModel.m; sourceTree = "<group>"; };
		F6F496F624B5E2350035A61B /* JFCSAreaModel.h */ = {isa = PBXFileReference; fileEncoding = 4; lastKnownFileType = sourcecode.c.h; path = JFCSAreaModel.h; sourceTree = "<group>"; };
		F6F496F724B5E2350035A61B /* JFCSProvinceModel.h */ = {isa = PBXFileReference; fileEncoding = 4; lastKnownFileType = sourcecode.c.h; path = JFCSProvinceModel.h; sourceTree = "<group>"; };
		F6F496F824B5E2350035A61B /* JFCSDataOpreation.h */ = {isa = PBXFileReference; fileEncoding = 4; lastKnownFileType = sourcecode.c.h; path = JFCSDataOpreation.h; sourceTree = "<group>"; };
		F6F496F924B5E2350035A61B /* JFCSFileManager.m */ = {isa = PBXFileReference; fileEncoding = 4; lastKnownFileType = sourcecode.c.objc; path = JFCSFileManager.m; sourceTree = "<group>"; };
		F6F496FA24B5E2350035A61B /* JFCSSearchTableViewController.h */ = {isa = PBXFileReference; fileEncoding = 4; lastKnownFileType = sourcecode.c.h; path = JFCSSearchTableViewController.h; sourceTree = "<group>"; };
		F6F496FB24B5E2350035A61B /* .gitkeep */ = {isa = PBXFileReference; fileEncoding = 4; lastKnownFileType = text; path = .gitkeep; sourceTree = "<group>"; };
		F6F496FC24B5E2350035A61B /* JFCSTopToolsTableViewCell.m */ = {isa = PBXFileReference; fileEncoding = 4; lastKnownFileType = sourcecode.c.objc; path = JFCSTopToolsTableViewCell.m; sourceTree = "<group>"; };
		F6F496FD24B5E2350035A61B /* JFCSTableViewHeaderView.m */ = {isa = PBXFileReference; fileEncoding = 4; lastKnownFileType = sourcecode.c.objc; path = JFCSTableViewHeaderView.m; sourceTree = "<group>"; };
		F6F496FE24B5E2350035A61B /* JFCSTableViewController.m */ = {isa = PBXFileReference; fileEncoding = 4; lastKnownFileType = sourcecode.c.objc; path = JFCSTableViewController.m; sourceTree = "<group>"; };
		F6F496FF24B5E2350035A61B /* JFCSPopularCitiesModel.m */ = {isa = PBXFileReference; fileEncoding = 4; lastKnownFileType = sourcecode.c.objc; path = JFCSPopularCitiesModel.m; sourceTree = "<group>"; };
		F6F4970024B5E2350035A61B /* JFCSData.h */ = {isa = PBXFileReference; fileEncoding = 4; lastKnownFileType = sourcecode.c.h; path = JFCSData.h; sourceTree = "<group>"; };
		F6F4970124B5E2350035A61B /* JFCSCityModel.h */ = {isa = PBXFileReference; fileEncoding = 4; lastKnownFileType = sourcecode.c.h; path = JFCSCityModel.h; sourceTree = "<group>"; };
		F6F4970224B5E2350035A61B /* JFCSBaseInfoModel.h */ = {isa = PBXFileReference; fileEncoding = 4; lastKnownFileType = sourcecode.c.h; path = JFCSBaseInfoModel.h; sourceTree = "<group>"; };
		F6F4970324B5E2350035A61B /* JFCSConfiguration.m */ = {isa = PBXFileReference; fileEncoding = 4; lastKnownFileType = sourcecode.c.objc; path = JFCSConfiguration.m; sourceTree = "<group>"; };
		F6F4970424B5E2350035A61B /* JFCSProvinceModel.m */ = {isa = PBXFileReference; fileEncoding = 4; lastKnownFileType = sourcecode.c.objc; path = JFCSProvinceModel.m; sourceTree = "<group>"; };
		F6F4970524B5E2350035A61B /* JFCSAreaModel.m */ = {isa = PBXFileReference; fileEncoding = 4; lastKnownFileType = sourcecode.c.objc; path = JFCSAreaModel.m; sourceTree = "<group>"; };
		F6F4970624B5E2350035A61B /* JFCSTopToolsTableViewCell.h */ = {isa = PBXFileReference; fileEncoding = 4; lastKnownFileType = sourcecode.c.h; path = JFCSTopToolsTableViewCell.h; sourceTree = "<group>"; };
		F6F4970724B5E2350035A61B /* JFCitySelector.h */ = {isa = PBXFileReference; fileEncoding = 4; lastKnownFileType = sourcecode.c.h; path = JFCitySelector.h; sourceTree = "<group>"; };
		F6F4970824B5E2350035A61B /* JFCSFileManager.h */ = {isa = PBXFileReference; fileEncoding = 4; lastKnownFileType = sourcecode.c.h; path = JFCSFileManager.h; sourceTree = "<group>"; };
		F6F4970924B5E2350035A61B /* JFCSSearchTableViewController.m */ = {isa = PBXFileReference; fileEncoding = 4; lastKnownFileType = sourcecode.c.objc; path = JFCSSearchTableViewController.m; sourceTree = "<group>"; };
		F6F4970A24B5E2350035A61B /* JFCSDataOpreation.m */ = {isa = PBXFileReference; fileEncoding = 4; lastKnownFileType = sourcecode.c.objc; path = JFCSDataOpreation.m; sourceTree = "<group>"; };
		F6F4970B24B5E2350035A61B /* JFCSData.m */ = {isa = PBXFileReference; fileEncoding = 4; lastKnownFileType = sourcecode.c.objc; path = JFCSData.m; sourceTree = "<group>"; };
		F6F4970C24B5E2350035A61B /* JFCSPopularCitiesModel.h */ = {isa = PBXFileReference; fileEncoding = 4; lastKnownFileType = sourcecode.c.h; path = JFCSPopularCitiesModel.h; sourceTree = "<group>"; };
		F6F4970D24B5E2350035A61B /* JFCSTableViewController.h */ = {isa = PBXFileReference; fileEncoding = 4; lastKnownFileType = sourcecode.c.h; path = JFCSTableViewController.h; sourceTree = "<group>"; };
		F6F4970E24B5E2350035A61B /* JFCSTableViewHeaderView.h */ = {isa = PBXFileReference; fileEncoding = 4; lastKnownFileType = sourcecode.c.h; path = JFCSTableViewHeaderView.h; sourceTree = "<group>"; };
/* End PBXFileReference section */

/* Begin PBXFrameworksBuildPhase section */
		F68360BC2484DC6C00B4E4FA /* Frameworks */ = {
			isa = PBXFrameworksBuildPhase;
			buildActionMask = 2147483647;
			files = (
				31842D7C1F71ACD5DAED93F8 /* Pods_JZStar.framework in Frameworks */,
			);
			runOnlyForDeploymentPostprocessing = 0;
		};
		F68360D22484DC7500B4E4FA /* Frameworks */ = {
			isa = PBXFrameworksBuildPhase;
			buildActionMask = 2147483647;
			files = (
			);
			runOnlyForDeploymentPostprocessing = 0;
		};
		F68360DD2484DC7500B4E4FA /* Frameworks */ = {
			isa = PBXFrameworksBuildPhase;
			buildActionMask = 2147483647;
			files = (
			);
			runOnlyForDeploymentPostprocessing = 0;
		};
/* End PBXFrameworksBuildPhase section */

/* Begin PBXGroup section */
		611511BD3C9DE838640A812E /* Pods */ = {
			isa = PBXGroup;
			children = (
				46FCAE921F5C6F35D28CB48F /* Pods-JZStar.debug.xcconfig */,
				408496BDAF80093237DAAE1D /* Pods-JZStar.release.xcconfig */,
			);
			path = Pods;
			sourceTree = "<group>";
		};
		AB0C2D4B2496320500D9E378 /* SpaceCell */ = {
			isa = PBXGroup;
			children = (
				AB0C2D4C2496323800D9E378 /* SpaceCell.swift */,
				AB0C2D4D2496323800D9E378 /* SpaceCell.xib */,
			);
			path = SpaceCell;
			sourceTree = "<group>";
		};
		AB3FE3F9249E30AA001966ED /* ImageCodeVerification */ = {
			isa = PBXGroup;
			children = (
				AB3FE3FA249E30D2001966ED /* ImageCodeVerification.swift */,
			);
			path = ImageCodeVerification;
			sourceTree = "<group>";
		};
		AB3FE3FC249E3D78001966ED /* RightMenu */ = {
			isa = PBXGroup;
			children = (
				AB3FE3FD249E3D98001966ED /* Menu */,
			);
			path = RightMenu;
			sourceTree = "<group>";
		};
		AB3FE3FD249E3D98001966ED /* Menu */ = {
			isa = PBXGroup;
			children = (
				AB3FE3FE249E3D98001966ED /* MTPopMenuTableViewCell.swift */,
				AB3FE3FF249E3D98001966ED /* MTPopMenuModel.swift */,
				AB3FE400249E3D98001966ED /* MTPopMenu.swift */,
			);
			path = Menu;
			sourceTree = "<group>";
		};
		AB5EA19A2487F8FE009758B1 /* Model */ = {
			isa = PBXGroup;
			children = (
				AB5EA19B2487FA26009758B1 /* MerchantModel.swift */,
				F636BF9D2489CAAE007AEB86 /* BannerModel.swift */,
				F636BF9F2489CB52007AEB86 /* BannerDetailModel.swift */,
				F67D34CB2499C28F00AD89EF /* DetailPositionModel.swift */,
			);
			path = Model;
			sourceTree = "<group>";
		};
		AB9E51D724892C9F00BAF5AE /* Home */ = {
			isa = PBXGroup;
			children = (
				F6AF66962487949300CD347E /* SelectTypeView.swift */,
				AB5EA1962487F5FA009758B1 /* SelectDetailViewCell.swift */,
				AB5EA1972487F5FA009758B1 /* SelectDetailViewCell.xib */,
				F65431CD2488820D0069A307 /* CompleteResumeCell.swift */,
				F65431CE2488820D0069A307 /* CompleteResumeCell.xib */,
			);
			path = Home;
			sourceTree = "<group>";
		};
		AB9E51D824892CB700BAF5AE /* DetailPosition */ = {
			isa = PBXGroup;
			children = (
				AB042C6424991974007F8641 /* DetailJobHeadCell.swift */,
				AB042C6524991974007F8641 /* DetailJobHeadCell.xib */,
				AB042C6824991BF9007F8641 /* DetailJobContentCell.swift */,
				AB042C6924991BF9007F8641 /* DetailJobContentCell.xib */,
				AB805D8524B757C7009396D0 /* DetailTitleContentCell.swift */,
				AB805D8624B757C7009396D0 /* DetailTitleContentCell.xib */,
			);
			path = DetailPosition;
			sourceTree = "<group>";
		};
		ABE3D184249CE6E200D2B55E /* PickerView */ = {
			isa = PBXGroup;
			children = (
				ABE3D185249CE6EE00D2B55E /* BHJPickerView.swift */,
			);
			path = PickerView;
			sourceTree = "<group>";
		};
		ABE3D18F249D8BB100D2B55E /* Service */ = {
			isa = PBXGroup;
			children = (
				ABE3D190249D8BE700D2B55E /* ServiceHeadCell.swift */,
				ABE3D191249D8BE700D2B55E /* ServiceHeadCell.xib */,
				AB1E3C47249D9C83004089A8 /* LeftDialogueCell.swift */,
				AB1E3C48249D9C83004089A8 /* LeftDialogueCell.xib */,
				AB1E3C4B249D9C9D004089A8 /* RightDialogueCell.swift */,
				AB1E3C4C249D9C9D004089A8 /* RightDialogueCell.xib */,
			);
			path = Service;
			sourceTree = "<group>";
		};
		ABF9B730249A3432007F9B05 /* Model */ = {
			isa = PBXGroup;
			children = (
				ABF9B731249A3492007F9B05 /* RecommendProductModel.swift */,
			);
			path = Model;
			sourceTree = "<group>";
		};
		ABF9B737249A586D007F9B05 /* ViewController */ = {
			isa = PBXGroup;
			children = (
				F68361B92484F61000B4E4FA /* PersonalViewController.swift */,
				ABF9B738249A58A3007F9B05 /* MyJobVC.swift */,
				ABF9B739249A58A3007F9B05 /* MyJobVC.xib */,
				ABF9B73C249A6640007F9B05 /* MyResumeVC.swift */,
				ABF9B73D249A6640007F9B05 /* MyResumeVC.xib */,
				F6109E21249AF56900ED66F7 /* OpinionAndComplaintVC.swift */,
				F6109E22249AF56900ED66F7 /* OpinionAndComplaintVC.xib */,
				F6109E25249AFEED00ED66F7 /* AboutUsVC.swift */,
				F6109E26249AFEED00ED66F7 /* AboutUsVC.xib */,
				F6109E33249B824600ED66F7 /* AboutUsDeatilVC.swift */,
				F6109E34249B824600ED66F7 /* AboutUsDeatilVC.xib */,
				ABE3D187249D059500D2B55E /* MyServiceVC.swift */,
				ABE3D188249D059500D2B55E /* MyServiceVC.xib */,
			);
			path = ViewController;
			sourceTree = "<group>";
		};
		ABF9B742249A67F3007F9B05 /* Resume */ = {
			isa = PBXGroup;
			children = (
				ABF9B743249A6834007F9B05 /* MyResumeInputCell.swift */,
				ABF9B744249A6834007F9B05 /* MyResumeInputCell.xib */,
				ABF9B747249A6858007F9B05 /* MyResumePickUpCell.swift */,
				ABF9B748249A6858007F9B05 /* MyResumePickUpCell.xib */,
				ABF9B74B249A712D007F9B05 /* MyResumeMoreInputCell.swift */,
				ABF9B74C249A712D007F9B05 /* MyResumeMoreInputCell.xib */,
			);
			path = Resume;
			sourceTree = "<group>";
		};
		C4FD21A4EFE64BED4853EB9F /* Frameworks */ = {
			isa = PBXGroup;
			children = (
				55197AD4B1F3C2713D78B3FF /* Pods_JZStar.framework */,
			);
			name = Frameworks;
			sourceTree = "<group>";
		};
		F6109E29249B002400ED66F7 /* LeftTitleAndArrowCell */ = {
			isa = PBXGroup;
			children = (
				F6109E2A249B006100ED66F7 /* LeftTitleAndArrowCell.swift */,
				F6109E2B249B006100ED66F7 /* LeftTitleAndArrowCell.xib */,
			);
			path = LeftTitleAndArrowCell;
			sourceTree = "<group>";
		};
		F6109E2E249B733A00ED66F7 /* Model */ = {
			isa = PBXGroup;
			children = (
				F6109E2F249B736300ED66F7 /* MyJobModel.swift */,
				F6109E31249B7B9700ED66F7 /* AboutUsModel.swift */,
				F639AC9E249C6AD600E55E3C /* MyResumeModel.swift */,
			);
			path = Model;
			sourceTree = "<group>";
		};
		F636BFA12489EAA4007AEB86 /* TitleScrollView */ = {
			isa = PBXGroup;
			children = (
				F636BFA22489EAB6007AEB86 /* TitleScrollView.swift */,
			);
			path = TitleScrollView;
			sourceTree = "<group>";
		};
		F6523ACE24A8229C001E9A3A /* StellarMineAlertView */ = {
			isa = PBXGroup;
			children = (
				F6523ACF24A8229C001E9A3A /* StellarMineAlertView.swift */,
			);
			path = StellarMineAlertView;
			sourceTree = "<group>";
		};
		F65431D1248895350069A307 /* View */ = {
			isa = PBXGroup;
			children = (
				F65431D2248895530069A307 /* RecommendDetailCell.swift */,
				F65431D3248895530069A307 /* RecommendDetailCell.xib */,
			);
			path = View;
			sourceTree = "<group>";
		};
		F65431D62488B4760069A307 /* View */ = {
			isa = PBXGroup;
			children = (
				F6F496F224B5E2350035A61B /* Classes */,
				F6F496F024B5E2340035A61B /* Resources */,
				ABE3D18F249D8BB100D2B55E /* Service */,
				F6109E29249B002400ED66F7 /* LeftTitleAndArrowCell */,
				ABF9B742249A67F3007F9B05 /* Resume */,
				ABF9B734249A41C4007F9B05 /* ImproveResumeCell.swift */,
				ABF9B733249A41C4007F9B05 /* ImproveResumeCell.xib */,
				F65431D72488B4980069A307 /* PersonalHeadCell.swift */,
				F65431D82488B4980069A307 /* PersonalHeadCell.xib */,
				F65431DB2488B4BC0069A307 /* PersonalDetailCell.swift */,
				F65431DC2488B4BC0069A307 /* PersonalDetailCell.xib */,
			);
			path = View;
			sourceTree = "<group>";
		};
		F65431DF2488B5AD0069A307 /* ViewModel */ = {
			isa = PBXGroup;
			children = (
				F65431E02488B5CF0069A307 /* PersonVM.swift */,
				ABF9B740249A66C3007F9B05 /* MyResumeVM.swift */,
				ABE3D18B249D068500D2B55E /* ServiceVM.swift */,
			);
			path = ViewModel;
			sourceTree = "<group>";
		};
		F66CEEA4248DC09100DB68EC /* Login */ = {
			isa = PBXGroup;
			children = (
				F66CEEAD248DC2E700DB68EC /* View */,
				F66CEEA5248DC09D00DB68EC /* ViewController */,
			);
			path = Login;
			sourceTree = "<group>";
		};
		F66CEEA5248DC09D00DB68EC /* ViewController */ = {
			isa = PBXGroup;
			children = (
				F66CEEA6248DC0BF00DB68EC /* LoginVC.swift */,
				F66CEEA7248DC0BF00DB68EC /* LoginVC.xib */,
			);
			path = ViewController;
			sourceTree = "<group>";
		};
		F66CEEAA248DC2AA00DB68EC /* StellarProgressHUD */ = {
			isa = PBXGroup;
			children = (
				F66CEEAB248DC2AA00DB68EC /* StellarProgressHUD.swift */,
			);
			path = StellarProgressHUD;
			sourceTree = "<group>";
		};
		F66CEEAD248DC2E700DB68EC /* View */ = {
			isa = PBXGroup;
			children = (
				F66CEEAE248DC2EF00DB68EC /* AccountOrPasswordView.swift */,
			);
			path = View;
			sourceTree = "<group>";
		};
		F66CEEB1248DC31000DB68EC /* NavView */ = {
			isa = PBXGroup;
			children = (
				F66CEEB2248DC31000DB68EC /* NavView.swift */,
				F66CEEB3248DC31000DB68EC /* NavViewTitleImageButton.swift */,
			);
			path = NavView;
			sourceTree = "<group>";
		};
		F66CEEB6248DC32C00DB68EC /* StellarButton */ = {
			isa = PBXGroup;
			children = (
				F66CEEB7248DC32C00DB68EC /* StellarButton.swift */,
			);
			path = StellarButton;
			sourceTree = "<group>";
		};
		F66CEEB9248DC35100DB68EC /* StellarTextFieldView */ = {
			isa = PBXGroup;
			children = (
				F66CEEBA248DC35100DB68EC /* StellarPhoneTextFieldView.xib */,
				F66CEEBB248DC35100DB68EC /* StellarPhoneTextFieldView.swift */,
			);
			path = StellarTextFieldView;
			sourceTree = "<group>";
		};
		F66CEEBE248DC3C000DB68EC /* StellarCommonTextFieldView */ = {
			isa = PBXGroup;
			children = (
			);
			name = StellarCommonTextFieldView;
			path = "../../../../../stellar-home-ios/StellarHomeIOS/StellarHomeIOS/CommonClass/View/StellarCommonTextFieldView";
			sourceTree = "<group>";
		};
		F67E68502485D319009FC081 /* BaseViewController */ = {
			isa = PBXGroup;
			children = (
				F67E68512485D319009FC081 /* BaseViewController.swift */,
				F67E68522485D319009FC081 /* MyRootNavViewController.swift */,
			);
			path = BaseViewController;
			sourceTree = "<group>";
		};
		F68360B62484DC6C00B4E4FA = {
			isa = PBXGroup;
			children = (
				F68360C12484DC6C00B4E4FA /* JZStar */,
				F68360D82484DC7500B4E4FA /* JZStarTests */,
				F68360E32484DC7500B4E4FA /* JZStarUITests */,
				F68360C02484DC6C00B4E4FA /* Products */,
				611511BD3C9DE838640A812E /* Pods */,
				C4FD21A4EFE64BED4853EB9F /* Frameworks */,
			);
			sourceTree = "<group>";
		};
		F68360C02484DC6C00B4E4FA /* Products */ = {
			isa = PBXGroup;
			children = (
				F68360BF2484DC6C00B4E4FA /* JZStar.app */,
				F68360D52484DC7500B4E4FA /* JZStarTests.xctest */,
				F68360E02484DC7500B4E4FA /* JZStarUITests.xctest */,
			);
			name = Products;
			sourceTree = "<group>";
		};
		F68360C12484DC6C00B4E4FA /* JZStar */ = {
			isa = PBXGroup;
			children = (
				F68360F22484DC7F00B4E4FA /* Common */,
				F68360F32484DC8200B4E4FA /* Modules */,
				F68360C22484DC6C00B4E4FA /* AppDelegate.swift */,
				F68361672484E9C300B4E4FA /* GlobalPackage.swift */,
				F6523AD124A83A8E001E9A3A /* OC-bridging-header.h */,
				F68360CB2484DC7400B4E4FA /* Assets.xcassets */,
				F68360CD2484DC7400B4E4FA /* LaunchScreen.storyboard */,
				F68360D02484DC7400B4E4FA /* Info.plist */,
			);
			path = JZStar;
			sourceTree = "<group>";
		};
		F68360D82484DC7500B4E4FA /* JZStarTests */ = {
			isa = PBXGroup;
			children = (
				F68360D92484DC7500B4E4FA /* JZStarTests.swift */,
				F68360DB2484DC7500B4E4FA /* Info.plist */,
			);
			path = JZStarTests;
			sourceTree = "<group>";
		};
		F68360E32484DC7500B4E4FA /* JZStarUITests */ = {
			isa = PBXGroup;
			children = (
				F68360E42484DC7500B4E4FA /* JZStarUITests.swift */,
				F68360E62484DC7500B4E4FA /* Info.plist */,
			);
			path = JZStarUITests;
			sourceTree = "<group>";
		};
		F68360F22484DC7F00B4E4FA /* Common */ = {
			isa = PBXGroup;
			children = (
				F68361722484EEF800B4E4FA /* Category */,
				F683616E2484EEB900B4E4FA /* View */,
				F68361042484E15E00B4E4FA /* Tools */,
				F68360F72484E13000B4E4FA /* Net */,
				F68360F42484E11E00B4E4FA /* TableViewDataModel */,
			);
			path = Common;
			sourceTree = "<group>";
		};
		F68360F32484DC8200B4E4FA /* Modules */ = {
			isa = PBXGroup;
			children = (
				F66CEEA4248DC09100DB68EC /* Login */,
				F67E68502485D319009FC081 /* BaseViewController */,
				F68361BB2484F8DA00B4E4FA /* Main */,
				F68361B42484F5C400B4E4FA /* Personal */,
				F68361B32484F5B100B4E4FA /* Recommend */,
				F68361B22484F59600B4E4FA /* HomePage */,
			);
			path = Modules;
			sourceTree = "<group>";
		};
		F68360F42484E11E00B4E4FA /* TableViewDataModel */ = {
			isa = PBXGroup;
			children = (
				F68360F52484E11E00B4E4FA /* TableViewDataModel.swift */,
			);
			path = TableViewDataModel;
			sourceTree = "<group>";
		};
		F68360F72484E13000B4E4FA /* Net */ = {
			isa = PBXGroup;
			children = (
				F68360F82484E13000B4E4FA /* CachePolicyPlugin.swift */,
				F68360FB2484E13000B4E4FA /* Network.swift */,
				F68360FD2484E13000B4E4FA /* AuthPlugin.swift */,
				F68360FE2484E13000B4E4FA /* NetRequestAPI.swift */,
			);
			path = Net;
			sourceTree = "<group>";
		};
		F68361042484E15E00B4E4FA /* Tools */ = {
			isa = PBXGroup;
			children = (
				F68361052484E15E00B4E4FA /* Assist */,
				F68361072484E15E00B4E4FA /* User */,
				F683610A2484E15E00B4E4FA /* Manager */,
				F68361302484E15F00B4E4FA /* Cookie */,
				F68361322484E15F00B4E4FA /* ValidateService */,
				F68361352484E15F00B4E4FA /* PulicConst.swift */,
				F68361092484E15E00B4E4FA /* ToolsFunction.swift */,
			);
			path = Tools;
			sourceTree = "<group>";
		};
		F68361052484E15E00B4E4FA /* Assist */ = {
			isa = PBXGroup;
			children = (
				F68361062484E15E00B4E4FA /* AppAssistance.swift */,
			);
			path = Assist;
			sourceTree = "<group>";
		};
		F68361072484E15E00B4E4FA /* User */ = {
			isa = PBXGroup;
			children = (
				F68361082484E15E00B4E4FA /* AppUser.swift */,
			);
			path = User;
			sourceTree = "<group>";
		};
		F683610A2484E15E00B4E4FA /* Manager */ = {
			isa = PBXGroup;
			children = (
				F683610F2484E15E00B4E4FA /* AppManager */,
				F683612D2484E15F00B4E4FA /* SSTimeManager */,
			);
			path = Manager;
			sourceTree = "<group>";
		};
		F683610F2484E15E00B4E4FA /* AppManager */ = {
			isa = PBXGroup;
			children = (
				F68361102484E15E00B4E4FA /* AppManager.swift */,
			);
			path = AppManager;
			sourceTree = "<group>";
		};
		F683612D2484E15F00B4E4FA /* SSTimeManager */ = {
			isa = PBXGroup;
			children = (
				F683612E2484E15F00B4E4FA /* SSTimeManager.swift */,
				F683612F2484E15F00B4E4FA /* SSTimeTask.swift */,
			);
			path = SSTimeManager;
			sourceTree = "<group>";
		};
		F68361302484E15F00B4E4FA /* Cookie */ = {
			isa = PBXGroup;
			children = (
				F68361312484E15F00B4E4FA /* AppCookie.swift */,
			);
			path = Cookie;
			sourceTree = "<group>";
		};
		F68361322484E15F00B4E4FA /* ValidateService */ = {
			isa = PBXGroup;
			children = (
				F68361332484E15F00B4E4FA /* ValidateService.swift */,
				F68361342484E15F00B4E4FA /* Regex.swift */,
			);
			path = ValidateService;
			sourceTree = "<group>";
		};
		F683616E2484EEB900B4E4FA /* View */ = {
			isa = PBXGroup;
			children = (
				F6523ACE24A8229C001E9A3A /* StellarMineAlertView */,
				AB3FE3FC249E3D78001966ED /* RightMenu */,
				AB3FE3F9249E30AA001966ED /* ImageCodeVerification */,
				ABE3D184249CE6E200D2B55E /* PickerView */,
				AB0C2D4B2496320500D9E378 /* SpaceCell */,
				F66CEEBE248DC3C000DB68EC /* StellarCommonTextFieldView */,
				F66CEEB9248DC35100DB68EC /* StellarTextFieldView */,
				F66CEEB6248DC32C00DB68EC /* StellarButton */,
				F66CEEB1248DC31000DB68EC /* NavView */,
				F66CEEAA248DC2AA00DB68EC /* StellarProgressHUD */,
				F636BFA12489EAA4007AEB86 /* TitleScrollView */,
				F68361BE2484F98A00B4E4FA /* TabbarScaledButton */,
				F68361AF2484F07600B4E4FA /* MBProgressHUD+Stellar */,
				F683616F2484EED300B4E4FA /* StellerHintHud */,
			);
			path = View;
			sourceTree = "<group>";
		};
		F683616F2484EED300B4E4FA /* StellerHintHud */ = {
			isa = PBXGroup;
			children = (
				F68361702484EED300B4E4FA /* StellarHintHud.swift */,
			);
			path = StellerHintHud;
			sourceTree = "<group>";
		};
		F68361722484EEF800B4E4FA /* Category */ = {
			isa = PBXGroup;
			children = (
				F68361782484EEF800B4E4FA /* UIView+Extension.swift */,
				F683617D2484EEF800B4E4FA /* String+Extension.swift */,
				F683617F2484EEF800B4E4FA /* Color+Extension.swift */,
				F683619B2484EEF800B4E4FA /* Image+Extension.swift */,
				F683619C2484EEF800B4E4FA /* UIButton+indicator.swift */,
				F683619F2484EEF800B4E4FA /* CGFloat+Extension.swift */,
				F67374EC24AC1E7B0025511C /* UIDevice+Extension.swift */,
			);
			path = Category;
			sourceTree = "<group>";
		};
		F68361AF2484F07600B4E4FA /* MBProgressHUD+Stellar */ = {
			isa = PBXGroup;
			children = (
				F68361B02484F07600B4E4FA /* MBProgressHUD+Stellar.swift */,
			);
			path = "MBProgressHUD+Stellar";
			sourceTree = "<group>";
		};
		F68361B22484F59600B4E4FA /* HomePage */ = {
			isa = PBXGroup;
			children = (
				F6D10C1D2486224C00AF6401 /* ViewModel */,
				AB5EA19A2487F8FE009758B1 /* Model */,
				F6D10C1B2486130700AF6401 /* View */,
				F6D10C18248612DD00AF6401 /* Controller */,
			);
			path = HomePage;
			sourceTree = "<group>";
		};
		F68361B32484F5B100B4E4FA /* Recommend */ = {
			isa = PBXGroup;
			children = (
				ABF9B730249A3432007F9B05 /* Model */,
				F65431D1248895350069A307 /* View */,
				F68361B72484F60300B4E4FA /* RecommendViewController.swift */,
				AB28C68424A0E5CF00391A5A /* RecommendDeatailVC.swift */,
				AB28C68524A0E5CF00391A5A /* RecommendDeatailVC.xib */,
			);
			path = Recommend;
			sourceTree = "<group>";
		};
		F68361B42484F5C400B4E4FA /* Personal */ = {
			isa = PBXGroup;
			children = (
				F6109E2E249B733A00ED66F7 /* Model */,
				ABF9B737249A586D007F9B05 /* ViewController */,
				F65431DF2488B5AD0069A307 /* ViewModel */,
				F65431D62488B4760069A307 /* View */,
			);
			path = Personal;
			sourceTree = "<group>";
		};
		F68361BB2484F8DA00B4E4FA /* Main */ = {
			isa = PBXGroup;
			children = (
				F68361BC2484F8DA00B4E4FA /* MainViewController.swift */,
			);
			path = Main;
			sourceTree = "<group>";
		};
		F68361BE2484F98A00B4E4FA /* TabbarScaledButton */ = {
			isa = PBXGroup;
			children = (
				F68361BF2484F98A00B4E4FA /* TabbarScaledButton.swift */,
			);
			path = TabbarScaledButton;
			sourceTree = "<group>";
		};
		F6D10C18248612DD00AF6401 /* Controller */ = {
			isa = PBXGroup;
			children = (
				F6D10C0E2485F71300AF6401 /* HomePageViewController.swift */,
				F6D10C0F2485F71300AF6401 /* HomePageViewController.xib */,
				AB9E51D924892CED00BAF5AE /* DetailPositionVC.swift */,
				AB9E51DA24892CED00BAF5AE /* DetailPositionVC.xib */,
			);
			path = Controller;
			sourceTree = "<group>";
		};
		F6D10C1B2486130700AF6401 /* View */ = {
			isa = PBXGroup;
			children = (
				AB9E51D824892CB700BAF5AE /* DetailPosition */,
				AB9E51D724892C9F00BAF5AE /* Home */,
			);
			path = View;
			sourceTree = "<group>";
		};
		F6D10C1D2486224C00AF6401 /* ViewModel */ = {
			isa = PBXGroup;
			children = (
				F6D10C122485F99100AF6401 /* HomePageVM.swift */,
				AB042C6224991839007F8641 /* DetailPositionVM.swift */,
			);
			path = ViewModel;
			sourceTree = "<group>";
		};
		F6F496F024B5E2340035A61B /* Resources */ = {
			isa = PBXGroup;
			children = (
				F6F496F124B5E2340035A61B /* JFCitySelector.bundle */,
			);
			path = Resources;
			sourceTree = "<group>";
		};
		F6F496F224B5E2350035A61B /* Classes */ = {
			isa = PBXGroup;
			children = (
				F6F496F324B5E2350035A61B /* JFCSConfiguration.h */,
				F6F496F424B5E2350035A61B /* JFCSBaseInfoModel.m */,
				F6F496F524B5E2350035A61B /* JFCSCityModel.m */,
				F6F496F624B5E2350035A61B /* JFCSAreaModel.h */,
				F6F496F724B5E2350035A61B /* JFCSProvinceModel.h */,
				F6F496F824B5E2350035A61B /* JFCSDataOpreation.h */,
				F6F496F924B5E2350035A61B /* JFCSFileManager.m */,
				F6F496FA24B5E2350035A61B /* JFCSSearchTableViewController.h */,
				F6F496FB24B5E2350035A61B /* .gitkeep */,
				F6F496FC24B5E2350035A61B /* JFCSTopToolsTableViewCell.m */,
				F6F496FD24B5E2350035A61B /* JFCSTableViewHeaderView.m */,
				F6F496FE24B5E2350035A61B /* JFCSTableViewController.m */,
				F6F496FF24B5E2350035A61B /* JFCSPopularCitiesModel.m */,
				F6F4970024B5E2350035A61B /* JFCSData.h */,
				F6F4970124B5E2350035A61B /* JFCSCityModel.h */,
				F6F4970224B5E2350035A61B /* JFCSBaseInfoModel.h */,
				F6F4970324B5E2350035A61B /* JFCSConfiguration.m */,
				F6F4970424B5E2350035A61B /* JFCSProvinceModel.m */,
				F6F4970524B5E2350035A61B /* JFCSAreaModel.m */,
				F6F4970624B5E2350035A61B /* JFCSTopToolsTableViewCell.h */,
				F6F4970724B5E2350035A61B /* JFCitySelector.h */,
				F6F4970824B5E2350035A61B /* JFCSFileManager.h */,
				F6F4970924B5E2350035A61B /* JFCSSearchTableViewController.m */,
				F6F4970A24B5E2350035A61B /* JFCSDataOpreation.m */,
				F6F4970B24B5E2350035A61B /* JFCSData.m */,
				F6F4970C24B5E2350035A61B /* JFCSPopularCitiesModel.h */,
				F6F4970D24B5E2350035A61B /* JFCSTableViewController.h */,
				F6F4970E24B5E2350035A61B /* JFCSTableViewHeaderView.h */,
			);
			path = Classes;
			sourceTree = "<group>";
		};
/* End PBXGroup section */

/* Begin PBXNativeTarget section */
		F68360BE2484DC6C00B4E4FA /* JZStar */ = {
			isa = PBXNativeTarget;
			buildConfigurationList = F68360E92484DC7500B4E4FA /* Build configuration list for PBXNativeTarget "JZStar" */;
			buildPhases = (
				634DC59C4853C53D357ADB4E /* [CP] Check Pods Manifest.lock */,
				F68360BB2484DC6C00B4E4FA /* Sources */,
				F68360BC2484DC6C00B4E4FA /* Frameworks */,
				F68360BD2484DC6C00B4E4FA /* Resources */,
				C0332F9C12F10919681B5312 /* [CP] Embed Pods Frameworks */,
			);
			buildRules = (
			);
			dependencies = (
			);
			name = JZStar;
			productName = JZStar;
			productReference = F68360BF2484DC6C00B4E4FA /* JZStar.app */;
			productType = "com.apple.product-type.application";
		};
		F68360D42484DC7500B4E4FA /* JZStarTests */ = {
			isa = PBXNativeTarget;
			buildConfigurationList = F68360EC2484DC7500B4E4FA /* Build configuration list for PBXNativeTarget "JZStarTests" */;
			buildPhases = (
				F68360D12484DC7500B4E4FA /* Sources */,
				F68360D22484DC7500B4E4FA /* Frameworks */,
				F68360D32484DC7500B4E4FA /* Resources */,
			);
			buildRules = (
			);
			dependencies = (
				F68360D72484DC7500B4E4FA /* PBXTargetDependency */,
			);
			name = JZStarTests;
			productName = JZStarTests;
			productReference = F68360D52484DC7500B4E4FA /* JZStarTests.xctest */;
			productType = "com.apple.product-type.bundle.unit-test";
		};
		F68360DF2484DC7500B4E4FA /* JZStarUITests */ = {
			isa = PBXNativeTarget;
			buildConfigurationList = F68360EF2484DC7500B4E4FA /* Build configuration list for PBXNativeTarget "JZStarUITests" */;
			buildPhases = (
				F68360DC2484DC7500B4E4FA /* Sources */,
				F68360DD2484DC7500B4E4FA /* Frameworks */,
				F68360DE2484DC7500B4E4FA /* Resources */,
			);
			buildRules = (
			);
			dependencies = (
				F68360E22484DC7500B4E4FA /* PBXTargetDependency */,
			);
			name = JZStarUITests;
			productName = JZStarUITests;
			productReference = F68360E02484DC7500B4E4FA /* JZStarUITests.xctest */;
			productType = "com.apple.product-type.bundle.ui-testing";
		};
/* End PBXNativeTarget section */

/* Begin PBXProject section */
		F68360B72484DC6C00B4E4FA /* Project object */ = {
			isa = PBXProject;
			attributes = {
				LastSwiftUpdateCheck = 1150;
				LastUpgradeCheck = 1150;
				ORGANIZATIONNAME = don;
				TargetAttributes = {
					F68360BE2484DC6C00B4E4FA = {
						CreatedOnToolsVersion = 11.5;
					};
					F68360D42484DC7500B4E4FA = {
						CreatedOnToolsVersion = 11.5;
						TestTargetID = F68360BE2484DC6C00B4E4FA;
					};
					F68360DF2484DC7500B4E4FA = {
						CreatedOnToolsVersion = 11.5;
						TestTargetID = F68360BE2484DC6C00B4E4FA;
					};
				};
			};
			buildConfigurationList = F68360BA2484DC6C00B4E4FA /* Build configuration list for PBXProject "JZStar" */;
			compatibilityVersion = "Xcode 9.3";
			developmentRegion = en;
			hasScannedForEncodings = 0;
			knownRegions = (
				en,
				Base,
			);
			mainGroup = F68360B62484DC6C00B4E4FA;
			productRefGroup = F68360C02484DC6C00B4E4FA /* Products */;
			projectDirPath = "";
			projectRoot = "";
			targets = (
				F68360BE2484DC6C00B4E4FA /* JZStar */,
				F68360D42484DC7500B4E4FA /* JZStarTests */,
				F68360DF2484DC7500B4E4FA /* JZStarUITests */,
			);
		};
/* End PBXProject section */

/* Begin PBXResourcesBuildPhase section */
		F68360BD2484DC6C00B4E4FA /* Resources */ = {
			isa = PBXResourcesBuildPhase;
			buildActionMask = 2147483647;
			files = (
				F6109E24249AF56900ED66F7 /* OpinionAndComplaintVC.xib in Resources */,
				AB1E3C4A249D9C83004089A8 /* LeftDialogueCell.xib in Resources */,
				F65431D02488820D0069A307 /* CompleteResumeCell.xib in Resources */,
				ABF9B74E249A712D007F9B05 /* MyResumeMoreInputCell.xib in Resources */,
				AB28C68724A0E5CF00391A5A /* RecommendDeatailVC.xib in Resources */,
				F68360CF2484DC7400B4E4FA /* LaunchScreen.storyboard in Resources */,
				ABE3D193249D8BE700D2B55E /* ServiceHeadCell.xib in Resources */,
				AB9E51DC24892CED00BAF5AE /* DetailPositionVC.xib in Resources */,
				F66CEEBC248DC35100DB68EC /* StellarPhoneTextFieldView.xib in Resources */,
				AB042C6724991974007F8641 /* DetailJobHeadCell.xib in Resources */,
				F6109E28249AFEED00ED66F7 /* AboutUsVC.xib in Resources */,
				F6109E2D249B006100ED66F7 /* LeftTitleAndArrowCell.xib in Resources */,
				AB5EA1992487F5FA009758B1 /* SelectDetailViewCell.xib in Resources */,
				ABF9B746249A6834007F9B05 /* MyResumeInputCell.xib in Resources */,
				ABF9B73B249A58A3007F9B05 /* MyJobVC.xib in Resources */,
				ABE3D18A249D059500D2B55E /* MyServiceVC.xib in Resources */,
				F65431D5248895530069A307 /* RecommendDetailCell.xib in Resources */,
				ABF9B74A249A6858007F9B05 /* MyResumePickUpCell.xib in Resources */,
				F6F4971324B5E2350035A61B /* .gitkeep in Resources */,
				F6D10C112485F71300AF6401 /* HomePageViewController.xib in Resources */,
				AB1E3C4E249D9C9D004089A8 /* RightDialogueCell.xib in Resources */,
				F65431DA2488B4980069A307 /* PersonalHeadCell.xib in Resources */,
				ABF9B73F249A6640007F9B05 /* MyResumeVC.xib in Resources */,
				ABF9B735249A41C4007F9B05 /* ImproveResumeCell.xib in Resources */,
				F68360CC2484DC7400B4E4FA /* Assets.xcassets in Resources */,
				F66CEEA9248DC0BF00DB68EC /* LoginVC.xib in Resources */,
				F6F4970F24B5E2350035A61B /* JFCitySelector.bundle in Resources */,
				AB805D8824B757C7009396D0 /* DetailTitleContentCell.xib in Resources */,
				AB042C6B24991BF9007F8641 /* DetailJobContentCell.xib in Resources */,
				F65431DE2488B4BC0069A307 /* PersonalDetailCell.xib in Resources */,
				F6109E36249B824600ED66F7 /* AboutUsDeatilVC.xib in Resources */,
				AB0C2D4F2496323800D9E378 /* SpaceCell.xib in Resources */,
			);
			runOnlyForDeploymentPostprocessing = 0;
		};
		F68360D32484DC7500B4E4FA /* Resources */ = {
			isa = PBXResourcesBuildPhase;
			buildActionMask = 2147483647;
			files = (
			);
			runOnlyForDeploymentPostprocessing = 0;
		};
		F68360DE2484DC7500B4E4FA /* Resources */ = {
			isa = PBXResourcesBuildPhase;
			buildActionMask = 2147483647;
			files = (
			);
			runOnlyForDeploymentPostprocessing = 0;
		};
/* End PBXResourcesBuildPhase section */

/* Begin PBXShellScriptBuildPhase section */
		634DC59C4853C53D357ADB4E /* [CP] Check Pods Manifest.lock */ = {
			isa = PBXShellScriptBuildPhase;
			buildActionMask = 2147483647;
			files = (
			);
			inputFileListPaths = (
			);
			inputPaths = (
				"${PODS_PODFILE_DIR_PATH}/Podfile.lock",
				"${PODS_ROOT}/Manifest.lock",
			);
			name = "[CP] Check Pods Manifest.lock";
			outputFileListPaths = (
			);
			outputPaths = (
				"$(DERIVED_FILE_DIR)/Pods-JZStar-checkManifestLockResult.txt",
			);
			runOnlyForDeploymentPostprocessing = 0;
			shellPath = /bin/sh;
			shellScript = "diff \"${PODS_PODFILE_DIR_PATH}/Podfile.lock\" \"${PODS_ROOT}/Manifest.lock\" > /dev/null\nif [ $? != 0 ] ; then\n    # print error to STDERR\n    echo \"error: The sandbox is not in sync with the Podfile.lock. Run 'pod install' or update your CocoaPods installation.\" >&2\n    exit 1\nfi\n# This output is used by Xcode 'outputs' to avoid re-running this script phase.\necho \"SUCCESS\" > \"${SCRIPT_OUTPUT_FILE_0}\"\n";
			showEnvVarsInLog = 0;
		};
		C0332F9C12F10919681B5312 /* [CP] Embed Pods Frameworks */ = {
			isa = PBXShellScriptBuildPhase;
			buildActionMask = 2147483647;
			files = (
			);
			inputFileListPaths = (
				"${PODS_ROOT}/Target Support Files/Pods-JZStar/Pods-JZStar-frameworks-${CONFIGURATION}-input-files.xcfilelist",
			);
			name = "[CP] Embed Pods Frameworks";
			outputFileListPaths = (
				"${PODS_ROOT}/Target Support Files/Pods-JZStar/Pods-JZStar-frameworks-${CONFIGURATION}-output-files.xcfilelist",
			);
			runOnlyForDeploymentPostprocessing = 0;
			shellPath = /bin/sh;
			shellScript = "\"${PODS_ROOT}/Target Support Files/Pods-JZStar/Pods-JZStar-frameworks.sh\"\n";
			showEnvVarsInLog = 0;
		};
/* End PBXShellScriptBuildPhase section */

/* Begin PBXSourcesBuildPhase section */
		F68360BB2484DC6C00B4E4FA /* Sources */ = {
			isa = PBXSourcesBuildPhase;
			buildActionMask = 2147483647;
			files = (
				F65431D4248895530069A307 /* RecommendDetailCell.swift in Sources */,
				F68361A92484EEF800B4E4FA /* Color+Extension.swift in Sources */,
				F6D10C132485F99100AF6401 /* HomePageVM.swift in Sources */,
				F68360FF2484E13000B4E4FA /* CachePolicyPlugin.swift in Sources */,
				F6109E23249AF56900ED66F7 /* OpinionAndComplaintVC.swift in Sources */,
				AB042C6624991974007F8641 /* DetailJobHeadCell.swift in Sources */,
				F68361C02484F98A00B4E4FA /* TabbarScaledButton.swift in Sources */,
				F65431DD2488B4BC0069A307 /* PersonalDetailCell.swift in Sources */,
				F67E68532485D319009FC081 /* BaseViewController.swift in Sources */,
				F6F4971524B5E2350035A61B /* JFCSTableViewHeaderView.m in Sources */,
				F6109E27249AFEED00ED66F7 /* AboutUsVC.swift in Sources */,
				F68361452484E15F00B4E4FA /* AppUser.swift in Sources */,
				AB0C2D4E2496323800D9E378 /* SpaceCell.swift in Sources */,
				F68361BD2484F8DA00B4E4FA /* MainViewController.swift in Sources */,
				ABF9B749249A6858007F9B05 /* MyResumePickUpCell.swift in Sources */,
				F68360C32484DC6C00B4E4FA /* AppDelegate.swift in Sources */,
				F66CEEB5248DC31000DB68EC /* NavViewTitleImageButton.swift in Sources */,
				F68361462484E15F00B4E4FA /* ToolsFunction.swift in Sources */,
				F65431E12488B5CF0069A307 /* PersonVM.swift in Sources */,
				F67D34CC2499C28F00AD89EF /* DetailPositionModel.swift in Sources */,
				F6F4971424B5E2350035A61B /* JFCSTopToolsTableViewCell.m in Sources */,
				ABE3D18C249D068500D2B55E /* ServiceVM.swift in Sources */,
				F6109E32249B7B9700ED66F7 /* AboutUsModel.swift in Sources */,
				F6F4971224B5E2350035A61B /* JFCSFileManager.m in Sources */,
				F68361032484E13000B4E4FA /* NetRequestAPI.swift in Sources */,
				F68361A72484EEF800B4E4FA /* String+Extension.swift in Sources */,
				AB3FE403249E3D98001966ED /* MTPopMenu.swift in Sources */,
				F683615D2484E15F00B4E4FA /* AppCookie.swift in Sources */,
				F639AC9F249C6AD600E55E3C /* MyResumeModel.swift in Sources */,
				F6F4971B24B5E2350035A61B /* JFCSSearchTableViewController.m in Sources */,
				AB9E51DB24892CED00BAF5AE /* DetailPositionVC.swift in Sources */,
				F6F4971624B5E2350035A61B /* JFCSTableViewController.m in Sources */,
				F6F4971C24B5E2350035A61B /* JFCSDataOpreation.m in Sources */,
				F6F4971924B5E2350035A61B /* JFCSProvinceModel.m in Sources */,
				AB3FE402249E3D98001966ED /* MTPopMenuModel.swift in Sources */,
				F6109E30249B736300ED66F7 /* MyJobModel.swift in Sources */,
				F67374ED24AC1E7B0025511C /* UIDevice+Extension.swift in Sources */,
				F683615B2484E15F00B4E4FA /* SSTimeManager.swift in Sources */,
				ABE3D192249D8BE700D2B55E /* ServiceHeadCell.swift in Sources */,
				AB5EA1982487F5FA009758B1 /* SelectDetailViewCell.swift in Sources */,
				F68361492484E15F00B4E4FA /* AppManager.swift in Sources */,
				F68361022484E13000B4E4FA /* AuthPlugin.swift in Sources */,
				AB3FE3FB249E30D2001966ED /* ImageCodeVerification.swift in Sources */,
				ABF9B741249A66C3007F9B05 /* MyResumeVM.swift in Sources */,
				ABF9B736249A41C4007F9B05 /* ImproveResumeCell.swift in Sources */,
				F68361002484E13000B4E4FA /* Network.swift in Sources */,
				F636BF9E2489CAAE007AEB86 /* BannerModel.swift in Sources */,
				F65431D92488B4980069A307 /* PersonalHeadCell.swift in Sources */,
				F6D10C102485F71300AF6401 /* HomePageViewController.swift in Sources */,
				AB1E3C4D249D9C9D004089A8 /* RightDialogueCell.swift in Sources */,
				F68361AE2484EEF800B4E4FA /* CGFloat+Extension.swift in Sources */,
				ABF9B732249A3492007F9B05 /* RecommendProductModel.swift in Sources */,
				F68361B12484F07600B4E4FA /* MBProgressHUD+Stellar.swift in Sources */,
				F6F4971D24B5E2350035A61B /* JFCSData.m in Sources */,
				F6F4971724B5E2350035A61B /* JFCSPopularCitiesModel.m in Sources */,
				F6109E2C249B006100ED66F7 /* LeftTitleAndArrowCell.swift in Sources */,
				F67E68542485D319009FC081 /* MyRootNavViewController.swift in Sources */,
				F68361BA2484F61000B4E4FA /* PersonalViewController.swift in Sources */,
				F66CEEB8248DC32C00DB68EC /* StellarButton.swift in Sources */,
				F68361442484E15F00B4E4FA /* AppAssistance.swift in Sources */,
				F6F4971824B5E2350035A61B /* JFCSConfiguration.m in Sources */,
				AB5EA19C2487FA26009758B1 /* MerchantModel.swift in Sources */,
				F683615C2484E15F00B4E4FA /* SSTimeTask.swift in Sources */,
				F6523AD024A8229C001E9A3A /* StellarMineAlertView.swift in Sources */,
				F6F4971A24B5E2350035A61B /* JFCSAreaModel.m in Sources */,
				AB28C68624A0E5CF00391A5A /* RecommendDeatailVC.swift in Sources */,
				F636BFA02489CB52007AEB86 /* BannerDetailModel.swift in Sources */,
				F6F4971024B5E2350035A61B /* JFCSBaseInfoModel.m in Sources */,
				F68361AB2484EEF800B4E4FA /* UIButton+indicator.swift in Sources */,
				F683615E2484E15F00B4E4FA /* ValidateService.swift in Sources */,
				F68361602484E15F00B4E4FA /* PulicConst.swift in Sources */,
				AB042C6A24991BF9007F8641 /* DetailJobContentCell.swift in Sources */,
				F68360F62484E11E00B4E4FA /* TableViewDataModel.swift in Sources */,
				F68361B82484F60300B4E4FA /* RecommendViewController.swift in Sources */,
				F683615F2484E15F00B4E4FA /* Regex.swift in Sources */,
				ABE3D186249CE6EE00D2B55E /* BHJPickerView.swift in Sources */,
				ABF9B73E249A6640007F9B05 /* MyResumeVC.swift in Sources */,
				F66CEEAC248DC2AA00DB68EC /* StellarProgressHUD.swift in Sources */,
				F636BFA32489EAB6007AEB86 /* TitleScrollView.swift in Sources */,
				ABF9B745249A6834007F9B05 /* MyResumeInputCell.swift in Sources */,
				AB042C6324991839007F8641 /* DetailPositionVM.swift in Sources */,
				F68361682484E9C300B4E4FA /* GlobalPackage.swift in Sources */,
				AB3FE401249E3D98001966ED /* MTPopMenuTableViewCell.swift in Sources */,
				F66CEEA8248DC0BF00DB68EC /* LoginVC.swift in Sources */,
				ABF9B74D249A712D007F9B05 /* MyResumeMoreInputCell.swift in Sources */,
				F66CEEB4248DC31000DB68EC /* NavView.swift in Sources */,
				F66CEEAF248DC2EF00DB68EC /* AccountOrPasswordView.swift in Sources */,
				AB805D8724B757C7009396D0 /* DetailTitleContentCell.swift in Sources */,
				F68361AA2484EEF800B4E4FA /* Image+Extension.swift in Sources */,
				F65431CF2488820D0069A307 /* CompleteResumeCell.swift in Sources */,
				ABF9B73A249A58A3007F9B05 /* MyJobVC.swift in Sources */,
				F68361712484EED300B4E4FA /* StellarHintHud.swift in Sources */,
				F66CEEBD248DC35100DB68EC /* StellarPhoneTextFieldView.swift in Sources */,
				AB1E3C49249D9C83004089A8 /* LeftDialogueCell.swift in Sources */,
				F6109E35249B824600ED66F7 /* AboutUsDeatilVC.swift in Sources */,
				ABE3D189249D059500D2B55E /* MyServiceVC.swift in Sources */,
				F6AF66982487949300CD347E /* SelectTypeView.swift in Sources */,
				F68361A42484EEF800B4E4FA /* UIView+Extension.swift in Sources */,
				F6F4971124B5E2350035A61B /* JFCSCityModel.m in Sources */,
			);
			runOnlyForDeploymentPostprocessing = 0;
		};
		F68360D12484DC7500B4E4FA /* Sources */ = {
			isa = PBXSourcesBuildPhase;
			buildActionMask = 2147483647;
			files = (
				F68360DA2484DC7500B4E4FA /* JZStarTests.swift in Sources */,
			);
			runOnlyForDeploymentPostprocessing = 0;
		};
		F68360DC2484DC7500B4E4FA /* Sources */ = {
			isa = PBXSourcesBuildPhase;
			buildActionMask = 2147483647;
			files = (
				F68360E52484DC7500B4E4FA /* JZStarUITests.swift in Sources */,
			);
			runOnlyForDeploymentPostprocessing = 0;
		};
/* End PBXSourcesBuildPhase section */

/* Begin PBXTargetDependency section */
		F68360D72484DC7500B4E4FA /* PBXTargetDependency */ = {
			isa = PBXTargetDependency;
			target = F68360BE2484DC6C00B4E4FA /* JZStar */;
			targetProxy = F68360D62484DC7500B4E4FA /* PBXContainerItemProxy */;
		};
		F68360E22484DC7500B4E4FA /* PBXTargetDependency */ = {
			isa = PBXTargetDependency;
			target = F68360BE2484DC6C00B4E4FA /* JZStar */;
			targetProxy = F68360E12484DC7500B4E4FA /* PBXContainerItemProxy */;
		};
/* End PBXTargetDependency section */

/* Begin PBXVariantGroup section */
		F68360CD2484DC7400B4E4FA /* LaunchScreen.storyboard */ = {
			isa = PBXVariantGroup;
			children = (
				F68360CE2484DC7400B4E4FA /* Base */,
			);
			name = LaunchScreen.storyboard;
			sourceTree = "<group>";
		};
/* End PBXVariantGroup section */

/* Begin XCBuildConfiguration section */
		F68360E72484DC7500B4E4FA /* Debug */ = {
			isa = XCBuildConfiguration;
			buildSettings = {
				ALWAYS_SEARCH_USER_PATHS = NO;
				CLANG_ANALYZER_NONNULL = YES;
				CLANG_ANALYZER_NUMBER_OBJECT_CONVERSION = YES_AGGRESSIVE;
				CLANG_CXX_LANGUAGE_STANDARD = "gnu++14";
				CLANG_CXX_LIBRARY = "libc++";
				CLANG_ENABLE_MODULES = YES;
				CLANG_ENABLE_OBJC_ARC = YES;
				CLANG_ENABLE_OBJC_WEAK = YES;
				CLANG_WARN_BLOCK_CAPTURE_AUTORELEASING = YES;
				CLANG_WARN_BOOL_CONVERSION = YES;
				CLANG_WARN_COMMA = YES;
				CLANG_WARN_CONSTANT_CONVERSION = YES;
				CLANG_WARN_DEPRECATED_OBJC_IMPLEMENTATIONS = YES;
				CLANG_WARN_DIRECT_OBJC_ISA_USAGE = YES_ERROR;
				CLANG_WARN_DOCUMENTATION_COMMENTS = YES;
				CLANG_WARN_EMPTY_BODY = YES;
				CLANG_WARN_ENUM_CONVERSION = YES;
				CLANG_WARN_INFINITE_RECURSION = YES;
				CLANG_WARN_INT_CONVERSION = YES;
				CLANG_WARN_NON_LITERAL_NULL_CONVERSION = YES;
				CLANG_WARN_OBJC_IMPLICIT_RETAIN_SELF = YES;
				CLANG_WARN_OBJC_LITERAL_CONVERSION = YES;
				CLANG_WARN_OBJC_ROOT_CLASS = YES_ERROR;
				CLANG_WARN_RANGE_LOOP_ANALYSIS = YES;
				CLANG_WARN_STRICT_PROTOTYPES = YES;
				CLANG_WARN_SUSPICIOUS_MOVE = YES;
				CLANG_WARN_UNGUARDED_AVAILABILITY = YES_AGGRESSIVE;
				CLANG_WARN_UNREACHABLE_CODE = YES;
				CLANG_WARN__DUPLICATE_METHOD_MATCH = YES;
				COPY_PHASE_STRIP = NO;
				DEBUG_INFORMATION_FORMAT = dwarf;
				ENABLE_STRICT_OBJC_MSGSEND = YES;
				ENABLE_TESTABILITY = YES;
				GCC_C_LANGUAGE_STANDARD = gnu11;
				GCC_DYNAMIC_NO_PIC = NO;
				GCC_NO_COMMON_BLOCKS = YES;
				GCC_OPTIMIZATION_LEVEL = 0;
				GCC_PREPROCESSOR_DEFINITIONS = (
					"DEBUG=1",
					"$(inherited)",
				);
				GCC_WARN_64_TO_32_BIT_CONVERSION = YES;
				GCC_WARN_ABOUT_RETURN_TYPE = YES_ERROR;
				GCC_WARN_UNDECLARED_SELECTOR = YES;
				GCC_WARN_UNINITIALIZED_AUTOS = YES_AGGRESSIVE;
				GCC_WARN_UNUSED_FUNCTION = YES;
				GCC_WARN_UNUSED_VARIABLE = YES;
				IPHONEOS_DEPLOYMENT_TARGET = 13.5;
				MTL_ENABLE_DEBUG_INFO = INCLUDE_SOURCE;
				MTL_FAST_MATH = YES;
				ONLY_ACTIVE_ARCH = YES;
				SDKROOT = iphoneos;
				SWIFT_ACTIVE_COMPILATION_CONDITIONS = DEBUG;
				SWIFT_OPTIMIZATION_LEVEL = "-Onone";
			};
			name = Debug;
		};
		F68360E82484DC7500B4E4FA /* Release */ = {
			isa = XCBuildConfiguration;
			buildSettings = {
				ALWAYS_SEARCH_USER_PATHS = NO;
				CLANG_ANALYZER_NONNULL = YES;
				CLANG_ANALYZER_NUMBER_OBJECT_CONVERSION = YES_AGGRESSIVE;
				CLANG_CXX_LANGUAGE_STANDARD = "gnu++14";
				CLANG_CXX_LIBRARY = "libc++";
				CLANG_ENABLE_MODULES = YES;
				CLANG_ENABLE_OBJC_ARC = YES;
				CLANG_ENABLE_OBJC_WEAK = YES;
				CLANG_WARN_BLOCK_CAPTURE_AUTORELEASING = YES;
				CLANG_WARN_BOOL_CONVERSION = YES;
				CLANG_WARN_COMMA = YES;
				CLANG_WARN_CONSTANT_CONVERSION = YES;
				CLANG_WARN_DEPRECATED_OBJC_IMPLEMENTATIONS = YES;
				CLANG_WARN_DIRECT_OBJC_ISA_USAGE = YES_ERROR;
				CLANG_WARN_DOCUMENTATION_COMMENTS = YES;
				CLANG_WARN_EMPTY_BODY = YES;
				CLANG_WARN_ENUM_CONVERSION = YES;
				CLANG_WARN_INFINITE_RECURSION = YES;
				CLANG_WARN_INT_CONVERSION = YES;
				CLANG_WARN_NON_LITERAL_NULL_CONVERSION = YES;
				CLANG_WARN_OBJC_IMPLICIT_RETAIN_SELF = YES;
				CLANG_WARN_OBJC_LITERAL_CONVERSION = YES;
				CLANG_WARN_OBJC_ROOT_CLASS = YES_ERROR;
				CLANG_WARN_RANGE_LOOP_ANALYSIS = YES;
				CLANG_WARN_STRICT_PROTOTYPES = YES;
				CLANG_WARN_SUSPICIOUS_MOVE = YES;
				CLANG_WARN_UNGUARDED_AVAILABILITY = YES_AGGRESSIVE;
				CLANG_WARN_UNREACHABLE_CODE = YES;
				CLANG_WARN__DUPLICATE_METHOD_MATCH = YES;
				COPY_PHASE_STRIP = NO;
				DEBUG_INFORMATION_FORMAT = "dwarf-with-dsym";
				ENABLE_NS_ASSERTIONS = NO;
				ENABLE_STRICT_OBJC_MSGSEND = YES;
				GCC_C_LANGUAGE_STANDARD = gnu11;
				GCC_NO_COMMON_BLOCKS = YES;
				GCC_WARN_64_TO_32_BIT_CONVERSION = YES;
				GCC_WARN_ABOUT_RETURN_TYPE = YES_ERROR;
				GCC_WARN_UNDECLARED_SELECTOR = YES;
				GCC_WARN_UNINITIALIZED_AUTOS = YES_AGGRESSIVE;
				GCC_WARN_UNUSED_FUNCTION = YES;
				GCC_WARN_UNUSED_VARIABLE = YES;
				IPHONEOS_DEPLOYMENT_TARGET = 13.5;
				MTL_ENABLE_DEBUG_INFO = NO;
				MTL_FAST_MATH = YES;
				SDKROOT = iphoneos;
				SWIFT_COMPILATION_MODE = wholemodule;
				SWIFT_OPTIMIZATION_LEVEL = "-O";
				VALIDATE_PRODUCT = YES;
			};
			name = Release;
		};
		F68360EA2484DC7500B4E4FA /* Debug */ = {
			isa = XCBuildConfiguration;
			baseConfigurationReference = 46FCAE921F5C6F35D28CB48F /* Pods-JZStar.debug.xcconfig */;
			buildSettings = {
				ASSETCATALOG_COMPILER_APPICON_NAME = AppIcon;
				CODE_SIGN_IDENTITY = "Apple Development: xiuqin ju (5AGA436QAT)";
				CODE_SIGN_STYLE = Manual;
				CURRENT_PROJECT_VERSION = 20200703;
				DEVELOPMENT_TEAM = U48YN8Y2WZ;
				INFOPLIST_FILE = JZStar/Info.plist;
				IPHONEOS_DEPLOYMENT_TARGET = 12.0;
				LD_RUNPATH_SEARCH_PATHS = (
					"$(inherited)",
					"@executable_path/Frameworks",
				);
				MARKETING_VERSION = 1.0.9;
				PRODUCT_BUNDLE_IDENTIFIER = com.app.jzdr;
				PRODUCT_NAME = "$(TARGET_NAME)";
				PROVISIONING_PROFILE_SPECIFIER = jianzhi;
				SWIFT_OBJC_BRIDGING_HEADER = "$(PROJECT_DIR)/JZStar/OC-bridging-header.h";
				SWIFT_VERSION = 5.0;
				TARGETED_DEVICE_FAMILY = "1,2";
			};
			name = Debug;
		};
		F68360EB2484DC7500B4E4FA /* Release */ = {
			isa = XCBuildConfiguration;
			baseConfigurationReference = 408496BDAF80093237DAAE1D /* Pods-JZStar.release.xcconfig */;
			buildSettings = {
				ASSETCATALOG_COMPILER_APPICON_NAME = AppIcon;
				CODE_SIGN_IDENTITY = "Apple Development: xiuqin ju (5AGA436QAT)";
				CODE_SIGN_STYLE = Manual;
				CURRENT_PROJECT_VERSION = 20200703;
				DEVELOPMENT_TEAM = U48YN8Y2WZ;
				INFOPLIST_FILE = JZStar/Info.plist;
				IPHONEOS_DEPLOYMENT_TARGET = 12.0;
				LD_RUNPATH_SEARCH_PATHS = (
					"$(inherited)",
					"@executable_path/Frameworks",
				);
				MARKETING_VERSION = 1.0.9;
				PRODUCT_BUNDLE_IDENTIFIER = com.app.jzdr;
				PRODUCT_NAME = "$(TARGET_NAME)";
				PROVISIONING_PROFILE_SPECIFIER = jianzhi;
				SWIFT_OBJC_BRIDGING_HEADER = "$(PROJECT_DIR)/JZStar/OC-bridging-header.h";
				SWIFT_VERSION = 5.0;
				TARGETED_DEVICE_FAMILY = "1,2";
			};
			name = Release;
		};
		F68360ED2484DC7500B4E4FA /* Debug */ = {
			isa = XCBuildConfiguration;
			buildSettings = {
				ALWAYS_EMBED_SWIFT_STANDARD_LIBRARIES = YES;
				BUNDLE_LOADER = "$(TEST_HOST)";
				CODE_SIGN_STYLE = Automatic;
				INFOPLIST_FILE = JZStarTests/Info.plist;
				IPHONEOS_DEPLOYMENT_TARGET = 13.5;
				LD_RUNPATH_SEARCH_PATHS = (
					"$(inherited)",
					"@executable_path/Frameworks",
					"@loader_path/Frameworks",
				);
				PRODUCT_BUNDLE_IDENTIFIER = don.JZStarTests;
				PRODUCT_NAME = "$(TARGET_NAME)";
				SWIFT_VERSION = 5.0;
				TARGETED_DEVICE_FAMILY = "1,2";
				TEST_HOST = "$(BUILT_PRODUCTS_DIR)/JZStar.app/JZStar";
			};
			name = Debug;
		};
		F68360EE2484DC7500B4E4FA /* Release */ = {
			isa = XCBuildConfiguration;
			buildSettings = {
				ALWAYS_EMBED_SWIFT_STANDARD_LIBRARIES = YES;
				BUNDLE_LOADER = "$(TEST_HOST)";
				CODE_SIGN_STYLE = Automatic;
				INFOPLIST_FILE = JZStarTests/Info.plist;
				IPHONEOS_DEPLOYMENT_TARGET = 13.5;
				LD_RUNPATH_SEARCH_PATHS = (
					"$(inherited)",
					"@executable_path/Frameworks",
					"@loader_path/Frameworks",
				);
				PRODUCT_BUNDLE_IDENTIFIER = don.JZStarTests;
				PRODUCT_NAME = "$(TARGET_NAME)";
				SWIFT_VERSION = 5.0;
				TARGETED_DEVICE_FAMILY = "1,2";
				TEST_HOST = "$(BUILT_PRODUCTS_DIR)/JZStar.app/JZStar";
			};
			name = Release;
		};
		F68360F02484DC7500B4E4FA /* Debug */ = {
			isa = XCBuildConfiguration;
			buildSettings = {
				ALWAYS_EMBED_SWIFT_STANDARD_LIBRARIES = YES;
				CODE_SIGN_STYLE = Automatic;
				INFOPLIST_FILE = JZStarUITests/Info.plist;
				LD_RUNPATH_SEARCH_PATHS = (
					"$(inherited)",
					"@executable_path/Frameworks",
					"@loader_path/Frameworks",
				);
				PRODUCT_BUNDLE_IDENTIFIER = don.JZStarUITests;
				PRODUCT_NAME = "$(TARGET_NAME)";
				SWIFT_VERSION = 5.0;
				TARGETED_DEVICE_FAMILY = "1,2";
				TEST_TARGET_NAME = JZStar;
			};
			name = Debug;
		};
		F68360F12484DC7500B4E4FA /* Release */ = {
			isa = XCBuildConfiguration;
			buildSettings = {
				ALWAYS_EMBED_SWIFT_STANDARD_LIBRARIES = YES;
				CODE_SIGN_STYLE = Automatic;
				INFOPLIST_FILE = JZStarUITests/Info.plist;
				LD_RUNPATH_SEARCH_PATHS = (
					"$(inherited)",
					"@executable_path/Frameworks",
					"@loader_path/Frameworks",
				);
				PRODUCT_BUNDLE_IDENTIFIER = don.JZStarUITests;
				PRODUCT_NAME = "$(TARGET_NAME)";
				SWIFT_VERSION = 5.0;
				TARGETED_DEVICE_FAMILY = "1,2";
				TEST_TARGET_NAME = JZStar;
			};
			name = Release;
		};
/* End XCBuildConfiguration section */

/* Begin XCConfigurationList section */
		F68360BA2484DC6C00B4E4FA /* Build configuration list for PBXProject "JZStar" */ = {
			isa = XCConfigurationList;
			buildConfigurations = (
				F68360E72484DC7500B4E4FA /* Debug */,
				F68360E82484DC7500B4E4FA /* Release */,
			);
			defaultConfigurationIsVisible = 0;
			defaultConfigurationName = Release;
		};
		F68360E92484DC7500B4E4FA /* Build configuration list for PBXNativeTarget "JZStar" */ = {
			isa = XCConfigurationList;
			buildConfigurations = (
				F68360EA2484DC7500B4E4FA /* Debug */,
				F68360EB2484DC7500B4E4FA /* Release */,
			);
			defaultConfigurationIsVisible = 0;
			defaultConfigurationName = Release;
		};
		F68360EC2484DC7500B4E4FA /* Build configuration list for PBXNativeTarget "JZStarTests" */ = {
			isa = XCConfigurationList;
			buildConfigurations = (
				F68360ED2484DC7500B4E4FA /* Debug */,
				F68360EE2484DC7500B4E4FA /* Release */,
			);
			defaultConfigurationIsVisible = 0;
			defaultConfigurationName = Release;
		};
		F68360EF2484DC7500B4E4FA /* Build configuration list for PBXNativeTarget "JZStarUITests" */ = {
			isa = XCConfigurationList;
			buildConfigurations = (
				F68360F02484DC7500B4E4FA /* Debug */,
				F68360F12484DC7500B4E4FA /* Release */,
			);
			defaultConfigurationIsVisible = 0;
			defaultConfigurationName = Release;
		};
/* End XCConfigurationList section */
	};
	rootObject = F68360B72484DC6C00B4E4FA /* Project object */;
}
